// !$*UTF8*$!
{
	archiveVersion = 1;
	classes = {
	};
	objectVersion = 46;
	objects = {

/* Begin PBXBuildFile section */
		50FEBC2C1A1FD725001FAD94 /* futasp.c in Sources */ = {isa = PBXBuildFile; fileRef = 50FEBC171A1FD725001FAD94 /* futasp.c */; };
		50FEBC2D1A1FD725001FAD94 /* futdoc.c in Sources */ = {isa = PBXBuildFile; fileRef = 50FEBC191A1FD725001FAD94 /* futdoc.c */; };
		50FEBC2E1A1FD725001FAD94 /* futhtm.c in Sources */ = {isa = PBXBuildFile; fileRef = 50FEBC1B1A1FD725001FAD94 /* futhtm.c */; };
		50FEBC2F1A1FD725001FAD94 /* grpdoc.c in Sources */ = {isa = PBXBuildFile; fileRef = 50FEBC1D1A1FD725001FAD94 /* grpdoc.c */; };
		50FEBC301A1FD725001FAD94 /* grphtm.c in Sources */ = {isa = PBXBuildFile; fileRef = 50FEBC1F1A1FD725001FAD94 /* grphtm.c */; };
		50FEBC311A1FD725001FAD94 /* incocoa.c in Sources */ = {isa = PBXBuildFile; fileRef = 50FEBC201A1FD725001FAD94 /* incocoa.c */; };
		50FEBC331A1FD725001FAD94 /* mambutil.c in Sources */ = {isa = PBXBuildFile; fileRef = 50FEBC241A1FD725001FAD94 /* mambutil.c */; };
		50FEBC341A1FD725001FAD94 /* perdoc.c in Sources */ = {isa = PBXBuildFile; fileRef = 50FEBC251A1FD725001FAD94 /* perdoc.c */; };
		50FEBC351A1FD725001FAD94 /* perhtm.c in Sources */ = {isa = PBXBuildFile; fileRef = 50FEBC271A1FD725001FAD94 /* perhtm.c */; };
		50FEBC361A1FD725001FAD94 /* rkdebug.c in Sources */ = {isa = PBXBuildFile; fileRef = 50FEBC2A1A1FD725001FAD94 /* rkdebug.c */; };
		50FEBC391A1FDB29001FAD94 /* mamblib.h in CopyFiles */ = {isa = PBXBuildFile; fileRef = 50FEBC231A1FD725001FAD94 /* mamblib.h */; };
/* End PBXBuildFile section */

/* Begin PBXBuildRule section */
		506B79671A20FCFC007D5208 /* PBXBuildRule */ = {
			isa = PBXBuildRule;
			compilerSpec = com.apple.compilers.proxy.script;
			fileType = pattern.proxy;
			isEditable = 1;
			outputFiles = (
			);
			script = "#make code for xcode\nCFLAGS=-I. -Winvalid-pch -Wall\nCC=/usr/bin/clang\n$(CC) $^  $(CFLAGS)  -c\ngrpdoc.o:     grpdoc.c rk.h grpdoc.h\n$(CC) $^  $(CFLAGS)  -c\ngrphtm.o:     grphtm.c rk.h\n$(CC) $^  $(CFLAGS)  -c\nperdoc.o:    perdoc.c rk.h perdoc.h\n$(CC) $^  $(CFLAGS)  -c\nperhtm.o:    perhtm.c rk.h perhtm.h\n$(CC) $^  $(CFLAGS)  -c\nmambutil.o:  mambutil.c\n$(CC) $^  $(CFLAGS)  -c\nfutasp.o:    futasp.c futdefs.h\n$(CC) $^  $(CFLAGS)  -c\nfutdoc.o:    futdoc.c rk.h futdoc.h futdefs.h\n$(CC) $^  $(CFLAGS)  -c\nfuthtm.o:    futhtm.c futdefs.h futhtm.h\n$(CC) $^  $(CFLAGS)  -c\nincocoa.o:   incocoa.c rk.h incocoa.h\n$(CC) $^  $(CFLAGS)  -c\n";
		};
/* End PBXBuildRule section */

/* Begin PBXCopyFilesBuildPhase section */
		50FEBBFE1A1FD6F1001FAD94 /* CopyFiles */ = {
			isa = PBXCopyFilesBuildPhase;
			buildActionMask = 2147483647;
			dstPath = "include/$(PRODUCT_NAME)";
			dstSubfolderSpec = 16;
			files = (
				50FEBC391A1FDB29001FAD94 /* mamblib.h in CopyFiles */,
			);
			runOnlyForDeploymentPostprocessing = 0;
		};
/* End PBXCopyFilesBuildPhase section */

/* Begin PBXFileReference section */
		50FEBC001A1FD6F1001FAD94 /* libMAMB09_CfuncLibrary03.a */ = {isa = PBXFileReference; explicitFileType = archive.ar; includeInIndex = 0; path = libMAMB09_CfuncLibrary03.a; sourceTree = BUILT_PRODUCTS_DIR; };
		50FEBC0B1A1FD6F1001FAD94 /* MAMB09_CfuncLibrary03Tests.xctest */ = {isa = PBXFileReference; explicitFileType = wrapper.cfbundle; includeInIndex = 0; path = MAMB09_CfuncLibrary03Tests.xctest; sourceTree = BUILT_PRODUCTS_DIR; };
		50FEBC0E1A1FD6F1001FAD94 /* Info.plist */ = {isa = PBXFileReference; lastKnownFileType = text.plist.xml; path = Info.plist; sourceTree = "<group>"; };
		50FEBC171A1FD725001FAD94 /* futasp.c */ = {isa = PBXFileReference; fileEncoding = 4; lastKnownFileType = sourcecode.c.c; path = futasp.c; sourceTree = "<group>"; };
		50FEBC181A1FD725001FAD94 /* futdefs.h */ = {isa = PBXFileReference; fileEncoding = 4; lastKnownFileType = sourcecode.c.h; path = futdefs.h; sourceTree = "<group>"; };
		50FEBC191A1FD725001FAD94 /* futdoc.c */ = {isa = PBXFileReference; fileEncoding = 4; lastKnownFileType = sourcecode.c.c; path = futdoc.c; sourceTree = "<group>"; };
		50FEBC1A1A1FD725001FAD94 /* futdoc.h */ = {isa = PBXFileReference; fileEncoding = 4; lastKnownFileType = sourcecode.c.h; path = futdoc.h; sourceTree = "<group>"; };
		50FEBC1B1A1FD725001FAD94 /* futhtm.c */ = {isa = PBXFileReference; fileEncoding = 4; lastKnownFileType = sourcecode.c.c; path = futhtm.c; sourceTree = "<group>"; };
		50FEBC1C1A1FD725001FAD94 /* futhtm.h */ = {isa = PBXFileReference; fileEncoding = 4; lastKnownFileType = sourcecode.c.h; path = futhtm.h; sourceTree = "<group>"; };
		50FEBC1D1A1FD725001FAD94 /* grpdoc.c */ = {isa = PBXFileReference; fileEncoding = 4; lastKnownFileType = sourcecode.c.c; path = grpdoc.c; sourceTree = "<group>"; };
		50FEBC1E1A1FD725001FAD94 /* grpdoc.h */ = {isa = PBXFileReference; fileEncoding = 4; lastKnownFileType = sourcecode.c.h; path = grpdoc.h; sourceTree = "<group>"; };
		50FEBC1F1A1FD725001FAD94 /* grphtm.c */ = {isa = PBXFileReference; fileEncoding = 4; lastKnownFileType = sourcecode.c.c; path = grphtm.c; sourceTree = "<group>"; };
		50FEBC201A1FD725001FAD94 /* incocoa.c */ = {isa = PBXFileReference; fileEncoding = 4; lastKnownFileType = sourcecode.c.c; path = incocoa.c; sourceTree = "<group>"; };
		50FEBC211A1FD725001FAD94 /* incocoa.h */ = {isa = PBXFileReference; fileEncoding = 4; lastKnownFileType = sourcecode.c.h; path = incocoa.h; sourceTree = "<group>"; };
		50FEBC231A1FD725001FAD94 /* mamblib.h */ = {isa = PBXFileReference; fileEncoding = 4; lastKnownFileType = sourcecode.c.h; path = mamblib.h; sourceTree = "<group>"; };
		50FEBC241A1FD725001FAD94 /* mambutil.c */ = {isa = PBXFileReference; fileEncoding = 4; lastKnownFileType = sourcecode.c.c; path = mambutil.c; sourceTree = "<group>"; };
		50FEBC251A1FD725001FAD94 /* perdoc.c */ = {isa = PBXFileReference; fileEncoding = 4; lastKnownFileType = sourcecode.c.c; path = perdoc.c; sourceTree = "<group>"; };
		50FEBC261A1FD725001FAD94 /* perdoc.h */ = {isa = PBXFileReference; fileEncoding = 4; lastKnownFileType = sourcecode.c.h; path = perdoc.h; sourceTree = "<group>"; };
		50FEBC271A1FD725001FAD94 /* perhtm.c */ = {isa = PBXFileReference; fileEncoding = 4; lastKnownFileType = sourcecode.c.c; path = perhtm.c; sourceTree = "<group>"; };
		50FEBC281A1FD725001FAD94 /* perhtm.h */ = {isa = PBXFileReference; fileEncoding = 4; lastKnownFileType = sourcecode.c.h; path = perhtm.h; sourceTree = "<group>"; };
		50FEBC291A1FD725001FAD94 /* rk.h */ = {isa = PBXFileReference; fileEncoding = 4; lastKnownFileType = sourcecode.c.h; path = rk.h; sourceTree = "<group>"; };
		50FEBC2A1A1FD725001FAD94 /* rkdebug.c */ = {isa = PBXFileReference; fileEncoding = 4; lastKnownFileType = sourcecode.c.c; path = rkdebug.c; sourceTree = "<group>"; };
		50FEBC381A1FD95B001FAD94 /* rkdebug_externs.h */ = {isa = PBXFileReference; fileEncoding = 4; lastKnownFileType = sourcecode.c.h; path = rkdebug_externs.h; sourceTree = "<group>"; };
/* End PBXFileReference section */

/* Begin PBXFrameworksBuildPhase section */
		50FEBBFD1A1FD6F1001FAD94 /* Frameworks */ = {
			isa = PBXFrameworksBuildPhase;
			buildActionMask = 2147483647;
			files = (
			);
			runOnlyForDeploymentPostprocessing = 0;
		};
		50FEBC081A1FD6F1001FAD94 /* Frameworks */ = {
			isa = PBXFrameworksBuildPhase;
			buildActionMask = 2147483647;
			files = (
			);
			runOnlyForDeploymentPostprocessing = 0;
		};
/* End PBXFrameworksBuildPhase section */

/* Begin PBXGroup section */
		50FEBBF71A1FD6F1001FAD94 = {
			isa = PBXGroup;
			children = (
				50FEBC021A1FD6F1001FAD94 /* MAMB09_CfuncLibrary03 */,
				50FEBC0C1A1FD6F1001FAD94 /* MAMB09_CfuncLibrary03Tests */,
				50FEBC011A1FD6F1001FAD94 /* Products */,
			);
			sourceTree = "<group>";
		};
		50FEBC011A1FD6F1001FAD94 /* Products */ = {
			isa = PBXGroup;
			children = (
				50FEBC001A1FD6F1001FAD94 /* libMAMB09_CfuncLibrary03.a */,
				50FEBC0B1A1FD6F1001FAD94 /* MAMB09_CfuncLibrary03Tests.xctest */,
			);
			name = Products;
			sourceTree = "<group>";
		};
		50FEBC021A1FD6F1001FAD94 /* MAMB09_CfuncLibrary03 */ = {
			isa = PBXGroup;
			children = (
				50FEBC171A1FD725001FAD94 /* futasp.c */,
				50FEBC181A1FD725001FAD94 /* futdefs.h */,
				50FEBC191A1FD725001FAD94 /* futdoc.c */,
				50FEBC1A1A1FD725001FAD94 /* futdoc.h */,
				50FEBC1B1A1FD725001FAD94 /* futhtm.c */,
				50FEBC1C1A1FD725001FAD94 /* futhtm.h */,
				50FEBC1D1A1FD725001FAD94 /* grpdoc.c */,
				50FEBC1E1A1FD725001FAD94 /* grpdoc.h */,
				50FEBC1F1A1FD725001FAD94 /* grphtm.c */,
				50FEBC201A1FD725001FAD94 /* incocoa.c */,
				50FEBC211A1FD725001FAD94 /* incocoa.h */,
				50FEBC231A1FD725001FAD94 /* mamblib.h */,
				50FEBC241A1FD725001FAD94 /* mambutil.c */,
				50FEBC251A1FD725001FAD94 /* perdoc.c */,
				50FEBC261A1FD725001FAD94 /* perdoc.h */,
				50FEBC271A1FD725001FAD94 /* perhtm.c */,
				50FEBC381A1FD95B001FAD94 /* rkdebug_externs.h */,
				50FEBC281A1FD725001FAD94 /* perhtm.h */,
				50FEBC291A1FD725001FAD94 /* rk.h */,
				50FEBC2A1A1FD725001FAD94 /* rkdebug.c */,
			);
			path = MAMB09_CfuncLibrary03;
			sourceTree = "<group>";
		};
		50FEBC0C1A1FD6F1001FAD94 /* MAMB09_CfuncLibrary03Tests */ = {
			isa = PBXGroup;
			children = (
				50FEBC0D1A1FD6F1001FAD94 /* Supporting Files */,
			);
			path = MAMB09_CfuncLibrary03Tests;
			sourceTree = "<group>";
		};
		50FEBC0D1A1FD6F1001FAD94 /* Supporting Files */ = {
			isa = PBXGroup;
			children = (
				50FEBC0E1A1FD6F1001FAD94 /* Info.plist */,
			);
			name = "Supporting Files";
			sourceTree = "<group>";
		};
/* End PBXGroup section */

/* Begin PBXNativeTarget section */
		50FEBBFF1A1FD6F1001FAD94 /* MAMB09_CfuncLibrary03 */ = {
			isa = PBXNativeTarget;
			buildConfigurationList = 50FEBC111A1FD6F1001FAD94 /* Build configuration list for PBXNativeTarget "MAMB09_CfuncLibrary03" */;
			buildPhases = (
				50FEBBFC1A1FD6F1001FAD94 /* Sources */,
				50FEBBFD1A1FD6F1001FAD94 /* Frameworks */,
				50FEBBFE1A1FD6F1001FAD94 /* CopyFiles */,
			);
			buildRules = (
				506B79671A20FCFC007D5208 /* PBXBuildRule */,
			);
			dependencies = (
			);
			name = MAMB09_CfuncLibrary03;
			productName = MAMB09_CfuncLibrary03;
			productReference = 50FEBC001A1FD6F1001FAD94 /* libMAMB09_CfuncLibrary03.a */;
			productType = "com.apple.product-type.library.static";
		};
		50FEBC0A1A1FD6F1001FAD94 /* MAMB09_CfuncLibrary03Tests */ = {
			isa = PBXNativeTarget;
			buildConfigurationList = 50FEBC141A1FD6F1001FAD94 /* Build configuration list for PBXNativeTarget "MAMB09_CfuncLibrary03Tests" */;
			buildPhases = (
				50FEBC071A1FD6F1001FAD94 /* Sources */,
				50FEBC081A1FD6F1001FAD94 /* Frameworks */,
				50FEBC091A1FD6F1001FAD94 /* Resources */,
			);
			buildRules = (
			);
			dependencies = (
			);
			name = MAMB09_CfuncLibrary03Tests;
			productName = MAMB09_CfuncLibrary03Tests;
			productReference = 50FEBC0B1A1FD6F1001FAD94 /* MAMB09_CfuncLibrary03Tests.xctest */;
			productType = "com.apple.product-type.bundle.unit-test";
		};
/* End PBXNativeTarget section */

/* Begin PBXProject section */
		50FEBBF81A1FD6F1001FAD94 /* Project object */ = {
			isa = PBXProject;
			attributes = {
				LastUpgradeCheck = 0600;
				ORGANIZATIONNAME = "Funnest Astrology";
				TargetAttributes = {
					50FEBBFF1A1FD6F1001FAD94 = {
						CreatedOnToolsVersion = 6.0.1;
					};
					50FEBC0A1A1FD6F1001FAD94 = {
						CreatedOnToolsVersion = 6.0.1;
					};
				};
			};
			buildConfigurationList = 50FEBBFB1A1FD6F1001FAD94 /* Build configuration list for PBXProject "MAMB09_CfuncLibrary03" */;
			compatibilityVersion = "Xcode 3.2";
			developmentRegion = English;
			hasScannedForEncodings = 0;
			knownRegions = (
				en,
			);
			mainGroup = 50FEBBF71A1FD6F1001FAD94;
			productRefGroup = 50FEBC011A1FD6F1001FAD94 /* Products */;
			projectDirPath = "";
			projectRoot = "";
			targets = (
				50FEBBFF1A1FD6F1001FAD94 /* MAMB09_CfuncLibrary03 */,
				50FEBC0A1A1FD6F1001FAD94 /* MAMB09_CfuncLibrary03Tests */,
			);
		};
/* End PBXProject section */

/* Begin PBXResourcesBuildPhase section */
		50FEBC091A1FD6F1001FAD94 /* Resources */ = {
			isa = PBXResourcesBuildPhase;
			buildActionMask = 2147483647;
			files = (
			);
			runOnlyForDeploymentPostprocessing = 0;
		};
/* End PBXResourcesBuildPhase section */

/* Begin PBXSourcesBuildPhase section */
		50FEBBFC1A1FD6F1001FAD94 /* Sources */ = {
			isa = PBXSourcesBuildPhase;
			buildActionMask = 2147483647;
			files = (
				50FEBC2C1A1FD725001FAD94 /* futasp.c in Sources */,
				50FEBC331A1FD725001FAD94 /* mambutil.c in Sources */,
				50FEBC2E1A1FD725001FAD94 /* futhtm.c in Sources */,
				50FEBC311A1FD725001FAD94 /* incocoa.c in Sources */,
				50FEBC301A1FD725001FAD94 /* grphtm.c in Sources */,
				50FEBC361A1FD725001FAD94 /* rkdebug.c in Sources */,
				50FEBC2F1A1FD725001FAD94 /* grpdoc.c in Sources */,
				50FEBC341A1FD725001FAD94 /* perdoc.c in Sources */,
				50FEBC2D1A1FD725001FAD94 /* futdoc.c in Sources */,
				50FEBC351A1FD725001FAD94 /* perhtm.c in Sources */,
			);
			runOnlyForDeploymentPostprocessing = 0;
		};
		50FEBC071A1FD6F1001FAD94 /* Sources */ = {
			isa = PBXSourcesBuildPhase;
			buildActionMask = 2147483647;
			files = (
			);
			runOnlyForDeploymentPostprocessing = 0;
		};
/* End PBXSourcesBuildPhase section */

/* Begin XCBuildConfiguration section */
		50FEBC0F1A1FD6F1001FAD94 /* Debug */ = {
			isa = XCBuildConfiguration;
			buildSettings = {
				ALWAYS_SEARCH_USER_PATHS = NO;
				CLANG_CXX_LANGUAGE_STANDARD = "gnu++0x";
				CLANG_CXX_LIBRARY = "libc++";
				CLANG_ENABLE_MODULES = YES;
				CLANG_ENABLE_OBJC_ARC = YES;
				CLANG_WARN_BOOL_CONVERSION = YES;
				CLANG_WARN_CONSTANT_CONVERSION = YES;
				CLANG_WARN_DIRECT_OBJC_ISA_USAGE = YES_ERROR;
				CLANG_WARN_EMPTY_BODY = YES;
				CLANG_WARN_ENUM_CONVERSION = YES;
				CLANG_WARN_INT_CONVERSION = YES;
				CLANG_WARN_OBJC_ROOT_CLASS = YES_ERROR;
				CLANG_WARN_UNREACHABLE_CODE = YES;
				CLANG_WARN__DUPLICATE_METHOD_MATCH = YES;
				COPY_PHASE_STRIP = NO;
				ENABLE_STRICT_OBJC_MSGSEND = YES;
				GCC_C_LANGUAGE_STANDARD = gnu99;
				GCC_DYNAMIC_NO_PIC = NO;
				GCC_OPTIMIZATION_LEVEL = 0;
				GCC_PREPROCESSOR_DEFINITIONS = (
					"DEBUG=1",
					"$(inherited)",
				);
				GCC_SYMBOLS_PRIVATE_EXTERN = NO;
				GCC_WARN_64_TO_32_BIT_CONVERSION = YES;
				GCC_WARN_ABOUT_RETURN_TYPE = YES_ERROR;
				GCC_WARN_UNDECLARED_SELECTOR = YES;
				GCC_WARN_UNINITIALIZED_AUTOS = YES_AGGRESSIVE;
				GCC_WARN_UNUSED_FUNCTION = YES;
				GCC_WARN_UNUSED_VARIABLE = YES;
				IPHONEOS_DEPLOYMENT_TARGET = 7.0;
				MTL_ENABLE_DEBUG_INFO = YES;
				ONLY_ACTIVE_ARCH = YES;
				SCAN_ALL_SOURCE_FILES_FOR_INCLUDES = YES;
				SDKROOT = iphoneos;
			};
			name = Debug;
		};
		50FEBC101A1FD6F1001FAD94 /* Release */ = {
			isa = XCBuildConfiguration;
			buildSettings = {
				ALWAYS_SEARCH_USER_PATHS = NO;
				CLANG_CXX_LANGUAGE_STANDARD = "gnu++0x";
				CLANG_CXX_LIBRARY = "libc++";
				CLANG_ENABLE_MODULES = YES;
				CLANG_ENABLE_OBJC_ARC = YES;
				CLANG_WARN_BOOL_CONVERSION = YES;
				CLANG_WARN_CONSTANT_CONVERSION = YES;
				CLANG_WARN_DIRECT_OBJC_ISA_USAGE = YES_ERROR;
				CLANG_WARN_EMPTY_BODY = YES;
				CLANG_WARN_ENUM_CONVERSION = YES;
				CLANG_WARN_INT_CONVERSION = YES;
				CLANG_WARN_OBJC_ROOT_CLASS = YES_ERROR;
				CLANG_WARN_UNREACHABLE_CODE = YES;
				CLANG_WARN__DUPLICATE_METHOD_MATCH = YES;
				COPY_PHASE_STRIP = YES;
				ENABLE_NS_ASSERTIONS = NO;
				ENABLE_STRICT_OBJC_MSGSEND = YES;
				GCC_C_LANGUAGE_STANDARD = gnu99;
				GCC_WARN_64_TO_32_BIT_CONVERSION = YES;
				GCC_WARN_ABOUT_RETURN_TYPE = YES_ERROR;
				GCC_WARN_UNDECLARED_SELECTOR = YES;
				GCC_WARN_UNINITIALIZED_AUTOS = YES_AGGRESSIVE;
				GCC_WARN_UNUSED_FUNCTION = YES;
				GCC_WARN_UNUSED_VARIABLE = YES;
				IPHONEOS_DEPLOYMENT_TARGET = 7.0;
				MTL_ENABLE_DEBUG_INFO = NO;
				SCAN_ALL_SOURCE_FILES_FOR_INCLUDES = YES;
				SDKROOT = iphoneos;
				VALIDATE_PRODUCT = YES;
			};
			name = Release;
		};
		50FEBC121A1FD6F1001FAD94 /* Debug */ = {
			isa = XCBuildConfiguration;
			buildSettings = {
				OTHER_LDFLAGS = "-ObjC";
				"OTHER_LDFLAGS[arch=*]" = "$(OTHER_LDFLAGS)";
				PRODUCT_NAME = "$(TARGET_NAME)";
				SCAN_ALL_SOURCE_FILES_FOR_INCLUDES = YES;
				SKIP_INSTALL = YES;
			};
			name = Debug;
		};
		50FEBC131A1FD6F1001FAD94 /* Release */ = {
			isa = XCBuildConfiguration;
			buildSettings = {
				OTHER_LDFLAGS = "-ObjC";
				"OTHER_LDFLAGS[arch=*]" = "$(OTHER_LDFLAGS)";
				PRODUCT_NAME = "$(TARGET_NAME)";
				SCAN_ALL_SOURCE_FILES_FOR_INCLUDES = YES;
				SKIP_INSTALL = YES;
			};
			name = Release;
		};
		50FEBC151A1FD6F1001FAD94 /* Debug */ = {
			isa = XCBuildConfiguration;
			buildSettings = {
				FRAMEWORK_SEARCH_PATHS = (
					"$(SDKROOT)/Developer/Library/Frameworks",
					"$(inherited)",
				);
				GCC_PREPROCESSOR_DEFINITIONS = (
					"DEBUG=1",
					"$(inherited)",
				);
				INFOPLIST_FILE = MAMB09_CfuncLibrary03Tests/Info.plist;
				LD_RUNPATH_SEARCH_PATHS = "$(inherited) @executable_path/Frameworks @loader_path/Frameworks";
				PRODUCT_NAME = "$(TARGET_NAME)";
			};
			name = Debug;
		};
		50FEBC161A1FD6F1001FAD94 /* Release */ = {
			isa = XCBuildConfiguration;
			buildSettings = {
				FRAMEWORK_SEARCH_PATHS = (
					"$(SDKROOT)/Developer/Library/Frameworks",
					"$(inherited)",
				);
				INFOPLIST_FILE = MAMB09_CfuncLibrary03Tests/Info.plist;
				LD_RUNPATH_SEARCH_PATHS = "$(inherited) @executable_path/Frameworks @loader_path/Frameworks";
				PRODUCT_NAME = "$(TARGET_NAME)";
			};
			name = Release;
		};
/* End XCBuildConfiguration section */

/* Begin XCConfigurationList section */
		50FEBBFB1A1FD6F1001FAD94 /* Build configuration list for PBXProject "MAMB09_CfuncLibrary03" */ = {
			isa = XCConfigurationList;
			buildConfigurations = (
				50FEBC0F1A1FD6F1001FAD94 /* Debug */,
				50FEBC101A1FD6F1001FAD94 /* Release */,
			);
			defaultConfigurationIsVisible = 0;
			defaultConfigurationName = Release;
		};
		50FEBC111A1FD6F1001FAD94 /* Build configuration list for PBXNativeTarget "MAMB09_CfuncLibrary03" */ = {
			isa = XCConfigurationList;
			buildConfigurations = (
				50FEBC121A1FD6F1001FAD94 /* Debug */,
				50FEBC131A1FD6F1001FAD94 /* Release */,
			);
			defaultConfigurationIsVisible = 0;
			defaultConfigurationName = Release;
		};
		50FEBC141A1FD6F1001FAD94 /* Build configuration list for PBXNativeTarget "MAMB09_CfuncLibrary03Tests" */ = {
			isa = XCConfigurationList;
			buildConfigurations = (
				50FEBC151A1FD6F1001FAD94 /* Debug */,
				50FEBC161A1FD6F1001FAD94 /* Release */,
			);
			defaultConfigurationIsVisible = 0;
			defaultConfigurationName = Release;
		};
/* End XCConfigurationList section */
	};
	rootObject = 50FEBBF81A1FD6F1001FAD94 /* Project object */;
}
