// !$*UTF8*$!
{
	archiveVersion = 1;
	classes = {
	};
	objectVersion = 46;
	objects = {

/* Begin PBXBuildFile section */
		5004DD3A1ACC426A0094BA14 /* MAMB09_info_TableViewController.m in Sources */ = {isa = PBXBuildFile; fileRef = 5004DD391ACC426A0094BA14 /* MAMB09_info_TableViewController.m */; };
		5019A6471A87FDBB002408DA /* MAMB09_selDateViewController2.m in Sources */ = {isa = PBXBuildFile; fileRef = 5019A6461A87FDBB002408DA /* MAMB09_selDateViewController2.m */; };
		503546041A434EEB00FE7853 /* icon_MAMB09_66x87.png in Resources */ = {isa = PBXBuildFile; fileRef = 503545FA1A434EEB00FE7853 /* icon_MAMB09_66x87.png */; };
		503546051A434EEB00FE7853 /* icon_MAMB09_0320.png in Resources */ = {isa = PBXBuildFile; fileRef = 503545FB1A434EEB00FE7853 /* icon_MAMB09_0320.png */; };
		503546061A434EEB00FE7853 /* icon_MAMB09_0064.png in Resources */ = {isa = PBXBuildFile; fileRef = 503545FC1A434EEB00FE7853 /* icon_MAMB09_0064.png */; };
		503546071A434EEB00FE7853 /* icon_MAMB09_22x29.png in Resources */ = {isa = PBXBuildFile; fileRef = 503545FD1A434EEB00FE7853 /* icon_MAMB09_22x29.png */; };
		503546081A434EEB00FE7853 /* icon_MAMB09_1024.png in Resources */ = {isa = PBXBuildFile; fileRef = 503545FE1A434EEB00FE7853 /* icon_MAMB09_1024.png */; };
		503546091A434EEB00FE7853 /* icon_MAMB09_44x58.png in Resources */ = {isa = PBXBuildFile; fileRef = 503545FF1A434EEB00FE7853 /* icon_MAMB09_44x58.png */; };
		5035460A1A434EEB00FE7853 /* icon_MAMB09_432.png in Resources */ = {isa = PBXBuildFile; fileRef = 503546001A434EEB00FE7853 /* icon_MAMB09_432.png */; };
		5035460B1A434EEB00FE7853 /* icon_MAMB09_288.png in Resources */ = {isa = PBXBuildFile; fileRef = 503546011A434EEB00FE7853 /* icon_MAMB09_288.png */; };
		5035460C1A434EEB00FE7853 /* rounded_MAMB09_087.png in Resources */ = {isa = PBXBuildFile; fileRef = 503546021A434EEB00FE7853 /* rounded_MAMB09_087.png */; };
		5035460D1A434EEB00FE7853 /* rounded_MAMB09_058.png in Resources */ = {isa = PBXBuildFile; fileRef = 503546031A434EEB00FE7853 /* rounded_MAMB09_058.png */; };
		5047342C1CC6D4F10067CEE3 /* MAMB09_selShareEntityTableViewController.m in Sources */ = {isa = PBXBuildFile; fileRef = 5047342B1CC6D4F10067CEE3 /* MAMB09_selShareEntityTableViewController.m */; };
		5049021E1C3ACDA50031DFC4 /* MAMB09_listMembersTableViewController.m in Sources */ = {isa = PBXBuildFile; fileRef = 5049021D1C3ACDA50031DFC4 /* MAMB09_listMembersTableViewController.m */; };
		504902211C3AFBB20031DFC4 /* MAMB09_selNewMembersTableViewController.m in Sources */ = {isa = PBXBuildFile; fileRef = 504902201C3AFBB20031DFC4 /* MAMB09_selNewMembersTableViewController.m */; };
		504B29851A4350AB009A6A25 /* rounded_MAMB09_029.png in Resources */ = {isa = PBXBuildFile; fileRef = 504B296D1A4350AB009A6A25 /* rounded_MAMB09_029.png */; };
		504B29861A4350AB009A6A25 /* rounded_MAMB09_144.png in Resources */ = {isa = PBXBuildFile; fileRef = 504B296E1A4350AB009A6A25 /* rounded_MAMB09_144.png */; };
		504B29871A4350AB009A6A25 /* icon_MAMB09_0512.png in Resources */ = {isa = PBXBuildFile; fileRef = 504B296F1A4350AB009A6A25 /* icon_MAMB09_0512.png */; };
		504B29891A4350AB009A6A25 /* icon_MAMB09_0228.png in Resources */ = {isa = PBXBuildFile; fileRef = 504B29711A4350AB009A6A25 /* icon_MAMB09_0228.png */; };
		504B298A1A4350AB009A6A25 /* icon_MAMB09_0216.png in Resources */ = {isa = PBXBuildFile; fileRef = 504B29721A4350AB009A6A25 /* icon_MAMB09_0216.png */; };
		504B298B1A4350AB009A6A25 /* icon_MAMB09_0180.png in Resources */ = {isa = PBXBuildFile; fileRef = 504B29731A4350AB009A6A25 /* icon_MAMB09_0180.png */; };
		504B298C1A4350AB009A6A25 /* icon_MAMB09_0171.png in Resources */ = {isa = PBXBuildFile; fileRef = 504B29741A4350AB009A6A25 /* icon_MAMB09_0171.png */; };
		504B298D1A4350AB009A6A25 /* icon_MAMB09_0152.png in Resources */ = {isa = PBXBuildFile; fileRef = 504B29751A4350AB009A6A25 /* icon_MAMB09_0152.png */; };
		504B298E1A4350AB009A6A25 /* icon_MAMB09_0150.png in Resources */ = {isa = PBXBuildFile; fileRef = 504B29761A4350AB009A6A25 /* icon_MAMB09_0150.png */; };
		504B298F1A4350AB009A6A25 /* icon_MAMB09_0120.png in Resources */ = {isa = PBXBuildFile; fileRef = 504B29771A4350AB009A6A25 /* icon_MAMB09_0120.png */; };
		504B29901A4350AB009A6A25 /* icon_MAMB09_0114.png in Resources */ = {isa = PBXBuildFile; fileRef = 504B29781A4350AB009A6A25 /* icon_MAMB09_0114.png */; };
		504B29911A4350AB009A6A25 /* icon_MAMB09_0100.png in Resources */ = {isa = PBXBuildFile; fileRef = 504B29791A4350AB009A6A25 /* icon_MAMB09_0100.png */; };
		504B29921A4350AB009A6A25 /* icon_MAMB09_0087.png in Resources */ = {isa = PBXBuildFile; fileRef = 504B297A1A4350AB009A6A25 /* icon_MAMB09_0087.png */; };
		504B29931A4350AB009A6A25 /* icon_MAMB09_0080.png in Resources */ = {isa = PBXBuildFile; fileRef = 504B297B1A4350AB009A6A25 /* icon_MAMB09_0080.png */; };
		504B29941A4350AB009A6A25 /* icon_MAMB09_0076.png in Resources */ = {isa = PBXBuildFile; fileRef = 504B297C1A4350AB009A6A25 /* icon_MAMB09_0076.png */; };
		504B29951A4350AB009A6A25 /* icon_MAMB09_0058.png in Resources */ = {isa = PBXBuildFile; fileRef = 504B297D1A4350AB009A6A25 /* icon_MAMB09_0058.png */; };
		504B29961A4350AB009A6A25 /* icon_MAMB09_0057.png in Resources */ = {isa = PBXBuildFile; fileRef = 504B297E1A4350AB009A6A25 /* icon_MAMB09_0057.png */; };
		504B29971A4350AB009A6A25 /* icon_MAMB09_0050.png in Resources */ = {isa = PBXBuildFile; fileRef = 504B297F1A4350AB009A6A25 /* icon_MAMB09_0050.png */; };
		504B29981A4350AB009A6A25 /* icon_MAMB09_0040.png in Resources */ = {isa = PBXBuildFile; fileRef = 504B29801A4350AB009A6A25 /* icon_MAMB09_0040.png */; };
		504B299A1A4350AB009A6A25 /* icon_MAMB09_0029.png in Resources */ = {isa = PBXBuildFile; fileRef = 504B29821A4350AB009A6A25 /* icon_MAMB09_0029.png */; };
		504B299B1A4350AB009A6A25 /* icon_MAMB09_0144.png in Resources */ = {isa = PBXBuildFile; fileRef = 504B29831A4350AB009A6A25 /* icon_MAMB09_0144.png */; };
		504B299C1A4350AB009A6A25 /* icon_MAMB09_0072.png in Resources */ = {isa = PBXBuildFile; fileRef = 504B29841A4350AB009A6A25 /* icon_MAMB09_0072.png */; };
		504C38DD1CF49777009B6640 /* MAMB09_confirmImportTableViewController.m in Sources */ = {isa = PBXBuildFile; fileRef = 504C38DC1CF49777009B6640 /* MAMB09_confirmImportTableViewController.m */; };
		505386581CBAD4BE0092743F /* MAMB09_UITextField_noCopyPaste.m in Sources */ = {isa = PBXBuildFile; fileRef = 505386571CBAD4BE0092743F /* MAMB09_UITextField_noCopyPaste.m */; };
		5055382E1A9F79C5003DC816 /* MAMB09viewTBLRPTs_1_TableViewController.m in Sources */ = {isa = PBXBuildFile; fileRef = 5055382D1A9F79C5003DC816 /* MAMB09viewTBLRPTs_1_TableViewController.m */; };
		505538341A9FAA6D003DC816 /* MAMB09viewTBLRPTs_2_TableViewController.m in Sources */ = {isa = PBXBuildFile; fileRef = 505538331A9FAA6D003DC816 /* MAMB09viewTBLRPTs_2_TableViewController.m */; };
		50661E641B41F5AA005BDFCC /* MAMB09_addChangeTableViewController.m in Sources */ = {isa = PBXBuildFile; fileRef = 50661E631B41F5AA005BDFCC /* MAMB09_addChangeTableViewController.m */; };
		507133421C3EC44F00AE8207 /* MAMB09_deleteMembersTableViewController.m in Sources */ = {isa = PBXBuildFile; fileRef = 507133411C3EC44F00AE8207 /* MAMB09_deleteMembersTableViewController.m */; };
		50796A7C1ADC286000360BA4 /* MAMB09_selectReports_B_TableViewController.m in Sources */ = {isa = PBXBuildFile; fileRef = 50796A7B1ADC286000360BA4 /* MAMB09_selectReports_B_TableViewController.m */; };
		50AC38F419D082EB00FF3997 /* Foundation.framework in Frameworks */ = {isa = PBXBuildFile; fileRef = 50AC38F319D082EB00FF3997 /* Foundation.framework */; };
		50AC38F619D082EB00FF3997 /* CoreGraphics.framework in Frameworks */ = {isa = PBXBuildFile; fileRef = 50AC38F519D082EB00FF3997 /* CoreGraphics.framework */; };
		50AC38F819D082EB00FF3997 /* UIKit.framework in Frameworks */ = {isa = PBXBuildFile; fileRef = 50AC38F719D082EB00FF3997 /* UIKit.framework */; };
		50AC38FE19D082EB00FF3997 /* InfoPlist.strings in Resources */ = {isa = PBXBuildFile; fileRef = 50AC38FC19D082EB00FF3997 /* InfoPlist.strings */; };
		50AC390019D082EB00FF3997 /* main.m in Sources */ = {isa = PBXBuildFile; fileRef = 50AC38FF19D082EB00FF3997 /* main.m */; };
		50AC390419D082EB00FF3997 /* MAMB09AppDelegate.m in Sources */ = {isa = PBXBuildFile; fileRef = 50AC390319D082EB00FF3997 /* MAMB09AppDelegate.m */; };
		50AC390719D082EB00FF3997 /* Main.storyboard in Resources */ = {isa = PBXBuildFile; fileRef = 50AC390519D082EB00FF3997 /* Main.storyboard */; };
		50AC390C19D082EB00FF3997 /* Images.xcassets in Resources */ = {isa = PBXBuildFile; fileRef = 50AC390B19D082EB00FF3997 /* Images.xcassets */; };
		50AC391319D082EB00FF3997 /* XCTest.framework in Frameworks */ = {isa = PBXBuildFile; fileRef = 50AC391219D082EB00FF3997 /* XCTest.framework */; };
		50AC391419D082EB00FF3997 /* Foundation.framework in Frameworks */ = {isa = PBXBuildFile; fileRef = 50AC38F319D082EB00FF3997 /* Foundation.framework */; };
		50AC391519D082EB00FF3997 /* UIKit.framework in Frameworks */ = {isa = PBXBuildFile; fileRef = 50AC38F719D082EB00FF3997 /* UIKit.framework */; };
		50AC391D19D082EB00FF3997 /* InfoPlist.strings in Resources */ = {isa = PBXBuildFile; fileRef = 50AC391B19D082EB00FF3997 /* InfoPlist.strings */; };
		50AC391F19D082EB00FF3997 /* Me_and_My_BFFsTests.m in Sources */ = {isa = PBXBuildFile; fileRef = 50AC391E19D082EB00FF3997 /* Me_and_My_BFFsTests.m */; };
		50AC392A19D0864A00FF3997 /* MAMB09_homeTableViewController.m in Sources */ = {isa = PBXBuildFile; fileRef = 50AC392919D0864A00FF3997 /* MAMB09_homeTableViewController.m */; };
		50AC392D19D08D3200FF3997 /* MAMB09_selectReportsTableViewController.m in Sources */ = {isa = PBXBuildFile; fileRef = 50AC392C19D08D3200FF3997 /* MAMB09_selectReportsTableViewController.m */; };
		50C0BAAA1A2108CE005B79F4 /* futdoc.c in Sources */ = {isa = PBXBuildFile; fileRef = 50C0BA981A2108CE005B79F4 /* futdoc.c */; };
		50C0BAAB1A2108CE005B79F4 /* incocoa.c in Sources */ = {isa = PBXBuildFile; fileRef = 50C0BA991A2108CE005B79F4 /* incocoa.c */; };
		50C0BAAC1A2108CE005B79F4 /* grpdoc.c in Sources */ = {isa = PBXBuildFile; fileRef = 50C0BA9A1A2108CE005B79F4 /* grpdoc.c */; };
		50C0BAAD1A2108CE005B79F4 /* grphtm.c in Sources */ = {isa = PBXBuildFile; fileRef = 50C0BA9B1A2108CE005B79F4 /* grphtm.c */; };
		50C0BAAE1A2108CE005B79F4 /* mambutil.c in Sources */ = {isa = PBXBuildFile; fileRef = 50C0BA9C1A2108CE005B79F4 /* mambutil.c */; };
		50C0BAAF1A2108CE005B79F4 /* futasp.c in Sources */ = {isa = PBXBuildFile; fileRef = 50C0BA9D1A2108CE005B79F4 /* futasp.c */; };
		50C0BAB01A2108CE005B79F4 /* futhtm.c in Sources */ = {isa = PBXBuildFile; fileRef = 50C0BA9F1A2108CE005B79F4 /* futhtm.c */; };
		50C0BAB11A2108CE005B79F4 /* perdoc.c in Sources */ = {isa = PBXBuildFile; fileRef = 50C0BAA31A2108CE005B79F4 /* perdoc.c */; };
		50C0BAB21A2108CE005B79F4 /* perhtm.c in Sources */ = {isa = PBXBuildFile; fileRef = 50C0BAA51A2108CE005B79F4 /* perhtm.c */; };
		50C0BAB31A2108CE005B79F4 /* rkdebug.c in Sources */ = {isa = PBXBuildFile; fileRef = 50C0BAA81A2108CE005B79F4 /* rkdebug.c */; };
		50CC4EB31A1D1592001DD245 /* MAMB09_viewHTMLViewController.m in Sources */ = {isa = PBXBuildFile; fileRef = 50CC4EB21A1D1592001DD245 /* MAMB09_viewHTMLViewController.m */; };
		50CCBAB91A38D27F0010D201 /* MessageUI.framework in Frameworks */ = {isa = PBXBuildFile; fileRef = 50CCBAB81A38D27F0010D201 /* MessageUI.framework */; };
		50DCAC451A2CDF530018624D /* MAMB09_selPersonViewController.m in Sources */ = {isa = PBXBuildFile; fileRef = 50DCAC441A2CDF530018624D /* MAMB09_selPersonViewController.m */; };
		50DE03131A27AB1700425BAC /* MAMB09_selYearViewController.m in Sources */ = {isa = PBXBuildFile; fileRef = 50DE03121A27AB1700425BAC /* MAMB09_selYearViewController.m */; };
		50E05BF71A2F994100B48107 /* iTunesArtwork in Resources */ = {isa = PBXBuildFile; fileRef = 50E05BF61A2F994100B48107 /* iTunesArtwork */; };
		50EB4F711A3552CE001F15C0 /* iTunesArtwork@2x in Resources */ = {isa = PBXBuildFile; fileRef = 50EB4F701A3552CE001F15C0 /* iTunesArtwork@2x */; };
/* End PBXBuildFile section */

/* Begin PBXContainerItemProxy section */
		50AC391619D082EB00FF3997 /* PBXContainerItemProxy */ = {
			isa = PBXContainerItemProxy;
			containerPortal = 50AC38E819D082EB00FF3997 /* Project object */;
			proxyType = 1;
			remoteGlobalIDString = 50AC38EF19D082EB00FF3997;
			remoteInfo = "Me and My BFFs";
		};
/* End PBXContainerItemProxy section */

/* Begin PBXFileReference section */
		5004DD381ACC426A0094BA14 /* MAMB09_info_TableViewController.h */ = {isa = PBXFileReference; fileEncoding = 4; lastKnownFileType = sourcecode.c.h; path = MAMB09_info_TableViewController.h; sourceTree = "<group>"; };
		5004DD391ACC426A0094BA14 /* MAMB09_info_TableViewController.m */ = {isa = PBXFileReference; fileEncoding = 4; lastKnownFileType = sourcecode.c.objc; path = MAMB09_info_TableViewController.m; sourceTree = "<group>"; };
		5019A6451A87FDBB002408DA /* MAMB09_selDateViewController2.h */ = {isa = PBXFileReference; fileEncoding = 4; lastKnownFileType = sourcecode.c.h; name = MAMB09_selDateViewController2.h; path = ../MAMB09_selDateViewController2.h; sourceTree = "<group>"; };
		5019A6461A87FDBB002408DA /* MAMB09_selDateViewController2.m */ = {isa = PBXFileReference; fileEncoding = 4; lastKnownFileType = sourcecode.c.objc; name = MAMB09_selDateViewController2.m; path = ../MAMB09_selDateViewController2.m; sourceTree = "<group>"; };
		5032F7E41B06897800EC964B /* grphtm.h */ = {isa = PBXFileReference; fileEncoding = 4; lastKnownFileType = sourcecode.c.h; path = grphtm.h; sourceTree = "<group>"; };
		503545FA1A434EEB00FE7853 /* icon_MAMB09_66x87.png */ = {isa = PBXFileReference; lastKnownFileType = image.png; path = icon_MAMB09_66x87.png; sourceTree = "<group>"; };
		503545FB1A434EEB00FE7853 /* icon_MAMB09_0320.png */ = {isa = PBXFileReference; lastKnownFileType = image.png; path = icon_MAMB09_0320.png; sourceTree = "<group>"; };
		503545FC1A434EEB00FE7853 /* icon_MAMB09_0064.png */ = {isa = PBXFileReference; lastKnownFileType = image.png; path = icon_MAMB09_0064.png; sourceTree = "<group>"; };
		503545FD1A434EEB00FE7853 /* icon_MAMB09_22x29.png */ = {isa = PBXFileReference; lastKnownFileType = image.png; path = icon_MAMB09_22x29.png; sourceTree = "<group>"; };
		503545FE1A434EEB00FE7853 /* icon_MAMB09_1024.png */ = {isa = PBXFileReference; lastKnownFileType = image.png; path = icon_MAMB09_1024.png; sourceTree = "<group>"; };
		503545FF1A434EEB00FE7853 /* icon_MAMB09_44x58.png */ = {isa = PBXFileReference; lastKnownFileType = image.png; path = icon_MAMB09_44x58.png; sourceTree = "<group>"; };
		503546001A434EEB00FE7853 /* icon_MAMB09_432.png */ = {isa = PBXFileReference; lastKnownFileType = image.png; path = icon_MAMB09_432.png; sourceTree = "<group>"; };
		503546011A434EEB00FE7853 /* icon_MAMB09_288.png */ = {isa = PBXFileReference; lastKnownFileType = image.png; path = icon_MAMB09_288.png; sourceTree = "<group>"; };
		503546021A434EEB00FE7853 /* rounded_MAMB09_087.png */ = {isa = PBXFileReference; lastKnownFileType = image.png; path = rounded_MAMB09_087.png; sourceTree = "<group>"; };
		503546031A434EEB00FE7853 /* rounded_MAMB09_058.png */ = {isa = PBXFileReference; lastKnownFileType = image.png; path = rounded_MAMB09_058.png; sourceTree = "<group>"; };
		5047342A1CC6D4F10067CEE3 /* MAMB09_selShareEntityTableViewController.h */ = {isa = PBXFileReference; fileEncoding = 4; lastKnownFileType = sourcecode.c.h; path = MAMB09_selShareEntityTableViewController.h; sourceTree = "<group>"; };
		5047342B1CC6D4F10067CEE3 /* MAMB09_selShareEntityTableViewController.m */ = {isa = PBXFileReference; fileEncoding = 4; lastKnownFileType = sourcecode.c.objc; path = MAMB09_selShareEntityTableViewController.m; sourceTree = "<group>"; };
		5049021C1C3ACDA50031DFC4 /* MAMB09_listMembersTableViewController.h */ = {isa = PBXFileReference; fileEncoding = 4; lastKnownFileType = sourcecode.c.h; path = MAMB09_listMembersTableViewController.h; sourceTree = "<group>"; };
		5049021D1C3ACDA50031DFC4 /* MAMB09_listMembersTableViewController.m */ = {isa = PBXFileReference; fileEncoding = 4; lastKnownFileType = sourcecode.c.objc; path = MAMB09_listMembersTableViewController.m; sourceTree = "<group>"; };
		5049021F1C3AFBB20031DFC4 /* MAMB09_selNewMembersTableViewController.h */ = {isa = PBXFileReference; fileEncoding = 4; lastKnownFileType = sourcecode.c.h; path = MAMB09_selNewMembersTableViewController.h; sourceTree = "<group>"; };
		504902201C3AFBB20031DFC4 /* MAMB09_selNewMembersTableViewController.m */ = {isa = PBXFileReference; fileEncoding = 4; lastKnownFileType = sourcecode.c.objc; path = MAMB09_selNewMembersTableViewController.m; sourceTree = "<group>"; };
		504B296D1A4350AB009A6A25 /* rounded_MAMB09_029.png */ = {isa = PBXFileReference; lastKnownFileType = image.png; name = rounded_MAMB09_029.png; path = ../../_old/icon/planet_54jb2a/icon_MAMB09/rounded_MAMB09_029.png; sourceTree = "<group>"; };
		504B296E1A4350AB009A6A25 /* rounded_MAMB09_144.png */ = {isa = PBXFileReference; lastKnownFileType = image.png; name = rounded_MAMB09_144.png; path = ../../_old/icon/planet_54jb2a/icon_MAMB09/rounded_MAMB09_144.png; sourceTree = "<group>"; };
		504B296F1A4350AB009A6A25 /* icon_MAMB09_0512.png */ = {isa = PBXFileReference; lastKnownFileType = image.png; name = icon_MAMB09_0512.png; path = ../../_old/icon/planet_54jb2a/icon_MAMB09/icon_MAMB09_0512.png; sourceTree = "<group>"; };
		504B29711A4350AB009A6A25 /* icon_MAMB09_0228.png */ = {isa = PBXFileReference; lastKnownFileType = image.png; name = icon_MAMB09_0228.png; path = ../../_old/icon/planet_54jb2a/icon_MAMB09/icon_MAMB09_0228.png; sourceTree = "<group>"; };
		504B29721A4350AB009A6A25 /* icon_MAMB09_0216.png */ = {isa = PBXFileReference; lastKnownFileType = image.png; name = icon_MAMB09_0216.png; path = ../../_old/icon/planet_54jb2a/icon_MAMB09/icon_MAMB09_0216.png; sourceTree = "<group>"; };
		504B29731A4350AB009A6A25 /* icon_MAMB09_0180.png */ = {isa = PBXFileReference; lastKnownFileType = image.png; name = icon_MAMB09_0180.png; path = ../../_old/icon/planet_54jb2a/icon_MAMB09/icon_MAMB09_0180.png; sourceTree = "<group>"; };
		504B29741A4350AB009A6A25 /* icon_MAMB09_0171.png */ = {isa = PBXFileReference; lastKnownFileType = image.png; name = icon_MAMB09_0171.png; path = ../../_old/icon/planet_54jb2a/icon_MAMB09/icon_MAMB09_0171.png; sourceTree = "<group>"; };
		504B29751A4350AB009A6A25 /* icon_MAMB09_0152.png */ = {isa = PBXFileReference; lastKnownFileType = image.png; name = icon_MAMB09_0152.png; path = ../../_old/icon/planet_54jb2a/icon_MAMB09/icon_MAMB09_0152.png; sourceTree = "<group>"; };
		504B29761A4350AB009A6A25 /* icon_MAMB09_0150.png */ = {isa = PBXFileReference; lastKnownFileType = image.png; name = icon_MAMB09_0150.png; path = ../../_old/icon/planet_54jb2a/icon_MAMB09/icon_MAMB09_0150.png; sourceTree = "<group>"; };
		504B29771A4350AB009A6A25 /* icon_MAMB09_0120.png */ = {isa = PBXFileReference; lastKnownFileType = image.png; name = icon_MAMB09_0120.png; path = ../../_old/icon/planet_54jb2a/icon_MAMB09/icon_MAMB09_0120.png; sourceTree = "<group>"; };
		504B29781A4350AB009A6A25 /* icon_MAMB09_0114.png */ = {isa = PBXFileReference; lastKnownFileType = image.png; name = icon_MAMB09_0114.png; path = ../../_old/icon/planet_54jb2a/icon_MAMB09/icon_MAMB09_0114.png; sourceTree = "<group>"; };
		504B29791A4350AB009A6A25 /* icon_MAMB09_0100.png */ = {isa = PBXFileReference; lastKnownFileType = image.png; name = icon_MAMB09_0100.png; path = ../../_old/icon/planet_54jb2a/icon_MAMB09/icon_MAMB09_0100.png; sourceTree = "<group>"; };
		504B297A1A4350AB009A6A25 /* icon_MAMB09_0087.png */ = {isa = PBXFileReference; lastKnownFileType = image.png; name = icon_MAMB09_0087.png; path = ../../_old/icon/planet_54jb2a/icon_MAMB09/icon_MAMB09_0087.png; sourceTree = "<group>"; };
		504B297B1A4350AB009A6A25 /* icon_MAMB09_0080.png */ = {isa = PBXFileReference; lastKnownFileType = image.png; name = icon_MAMB09_0080.png; path = ../../_old/icon/planet_54jb2a/icon_MAMB09/icon_MAMB09_0080.png; sourceTree = "<group>"; };
		504B297C1A4350AB009A6A25 /* icon_MAMB09_0076.png */ = {isa = PBXFileReference; lastKnownFileType = image.png; name = icon_MAMB09_0076.png; path = ../../_old/icon/planet_54jb2a/icon_MAMB09/icon_MAMB09_0076.png; sourceTree = "<group>"; };
		504B297D1A4350AB009A6A25 /* icon_MAMB09_0058.png */ = {isa = PBXFileReference; lastKnownFileType = image.png; name = icon_MAMB09_0058.png; path = ../../_old/icon/planet_54jb2a/icon_MAMB09/icon_MAMB09_0058.png; sourceTree = "<group>"; };
		504B297E1A4350AB009A6A25 /* icon_MAMB09_0057.png */ = {isa = PBXFileReference; lastKnownFileType = image.png; name = icon_MAMB09_0057.png; path = ../../_old/icon/planet_54jb2a/icon_MAMB09/icon_MAMB09_0057.png; sourceTree = "<group>"; };
		504B297F1A4350AB009A6A25 /* icon_MAMB09_0050.png */ = {isa = PBXFileReference; lastKnownFileType = image.png; name = icon_MAMB09_0050.png; path = ../../_old/icon/planet_54jb2a/icon_MAMB09/icon_MAMB09_0050.png; sourceTree = "<group>"; };
		504B29801A4350AB009A6A25 /* icon_MAMB09_0040.png */ = {isa = PBXFileReference; lastKnownFileType = image.png; name = icon_MAMB09_0040.png; path = ../../_old/icon/planet_54jb2a/icon_MAMB09/icon_MAMB09_0040.png; sourceTree = "<group>"; };
		504B29821A4350AB009A6A25 /* icon_MAMB09_0029.png */ = {isa = PBXFileReference; lastKnownFileType = image.png; name = icon_MAMB09_0029.png; path = ../../_old/icon/planet_54jb2a/icon_MAMB09/icon_MAMB09_0029.png; sourceTree = "<group>"; };
		504B29831A4350AB009A6A25 /* icon_MAMB09_0144.png */ = {isa = PBXFileReference; lastKnownFileType = image.png; name = icon_MAMB09_0144.png; path = ../../_old/icon/planet_54jb2a/icon_MAMB09/icon_MAMB09_0144.png; sourceTree = "<group>"; };
		504B29841A4350AB009A6A25 /* icon_MAMB09_0072.png */ = {isa = PBXFileReference; lastKnownFileType = image.png; name = icon_MAMB09_0072.png; path = ../../_old/icon/planet_54jb2a/icon_MAMB09/icon_MAMB09_0072.png; sourceTree = "<group>"; };
		504C38DB1CF49777009B6640 /* MAMB09_confirmImportTableViewController.h */ = {isa = PBXFileReference; fileEncoding = 4; lastKnownFileType = sourcecode.c.h; path = MAMB09_confirmImportTableViewController.h; sourceTree = "<group>"; };
		504C38DC1CF49777009B6640 /* MAMB09_confirmImportTableViewController.m */ = {isa = PBXFileReference; fileEncoding = 4; lastKnownFileType = sourcecode.c.objc; path = MAMB09_confirmImportTableViewController.m; sourceTree = "<group>"; };
		505386561CBAD4BE0092743F /* MAMB09_UITextField_noCopyPaste.h */ = {isa = PBXFileReference; fileEncoding = 4; lastKnownFileType = sourcecode.c.h; path = MAMB09_UITextField_noCopyPaste.h; sourceTree = "<group>"; };
		505386571CBAD4BE0092743F /* MAMB09_UITextField_noCopyPaste.m */ = {isa = PBXFileReference; fileEncoding = 4; lastKnownFileType = sourcecode.c.objc; path = MAMB09_UITextField_noCopyPaste.m; sourceTree = "<group>"; };
		5055382C1A9F79C5003DC816 /* MAMB09viewTBLRPTs_1_TableViewController.h */ = {isa = PBXFileReference; fileEncoding = 4; lastKnownFileType = sourcecode.c.h; path = MAMB09viewTBLRPTs_1_TableViewController.h; sourceTree = "<group>"; };
		5055382D1A9F79C5003DC816 /* MAMB09viewTBLRPTs_1_TableViewController.m */ = {isa = PBXFileReference; fileEncoding = 4; lastKnownFileType = sourcecode.c.objc; lineEnding = 0; path = MAMB09viewTBLRPTs_1_TableViewController.m; sourceTree = "<group>"; xcLanguageSpecificationIdentifier = xcode.lang.objc; };
		505538321A9FAA6D003DC816 /* MAMB09viewTBLRPTs_2_TableViewController.h */ = {isa = PBXFileReference; fileEncoding = 4; lastKnownFileType = sourcecode.c.h; path = MAMB09viewTBLRPTs_2_TableViewController.h; sourceTree = "<group>"; };
		505538331A9FAA6D003DC816 /* MAMB09viewTBLRPTs_2_TableViewController.m */ = {isa = PBXFileReference; fileEncoding = 4; lastKnownFileType = sourcecode.c.objc; lineEnding = 0; path = MAMB09viewTBLRPTs_2_TableViewController.m; sourceTree = "<group>"; xcLanguageSpecificationIdentifier = xcode.lang.objc; };
		50661E621B41F5AA005BDFCC /* MAMB09_addChangeTableViewController.h */ = {isa = PBXFileReference; fileEncoding = 4; lastKnownFileType = sourcecode.c.h; path = MAMB09_addChangeTableViewController.h; sourceTree = "<group>"; };
		50661E631B41F5AA005BDFCC /* MAMB09_addChangeTableViewController.m */ = {isa = PBXFileReference; fileEncoding = 4; lastKnownFileType = sourcecode.c.objc; path = MAMB09_addChangeTableViewController.m; sourceTree = "<group>"; };
		507133401C3EC44F00AE8207 /* MAMB09_deleteMembersTableViewController.h */ = {isa = PBXFileReference; fileEncoding = 4; lastKnownFileType = sourcecode.c.h; path = MAMB09_deleteMembersTableViewController.h; sourceTree = "<group>"; };
		507133411C3EC44F00AE8207 /* MAMB09_deleteMembersTableViewController.m */ = {isa = PBXFileReference; fileEncoding = 4; lastKnownFileType = sourcecode.c.objc; path = MAMB09_deleteMembersTableViewController.m; sourceTree = "<group>"; };
		50796A7A1ADC286000360BA4 /* MAMB09_selectReports_B_TableViewController.h */ = {isa = PBXFileReference; fileEncoding = 4; lastKnownFileType = sourcecode.c.h; path = MAMB09_selectReports_B_TableViewController.h; sourceTree = "<group>"; };
		50796A7B1ADC286000360BA4 /* MAMB09_selectReports_B_TableViewController.m */ = {isa = PBXFileReference; fileEncoding = 4; lastKnownFileType = sourcecode.c.objc; path = MAMB09_selectReports_B_TableViewController.m; sourceTree = "<group>"; };
		50AC38F019D082EB00FF3997 /* Me and My BFFs.app */ = {isa = PBXFileReference; explicitFileType = wrapper.application; includeInIndex = 0; path = "Me and My BFFs.app"; sourceTree = BUILT_PRODUCTS_DIR; };
		50AC38F319D082EB00FF3997 /* Foundation.framework */ = {isa = PBXFileReference; lastKnownFileType = wrapper.framework; name = Foundation.framework; path = System/Library/Frameworks/Foundation.framework; sourceTree = SDKROOT; };
		50AC38F519D082EB00FF3997 /* CoreGraphics.framework */ = {isa = PBXFileReference; lastKnownFileType = wrapper.framework; name = CoreGraphics.framework; path = System/Library/Frameworks/CoreGraphics.framework; sourceTree = SDKROOT; };
		50AC38F719D082EB00FF3997 /* UIKit.framework */ = {isa = PBXFileReference; lastKnownFileType = wrapper.framework; name = UIKit.framework; path = System/Library/Frameworks/UIKit.framework; sourceTree = SDKROOT; };
		50AC38FB19D082EB00FF3997 /* Me and My BFFs-Info.plist */ = {isa = PBXFileReference; lastKnownFileType = text.plist.xml; path = "Me and My BFFs-Info.plist"; sourceTree = "<group>"; };
		50AC38FD19D082EB00FF3997 /* en */ = {isa = PBXFileReference; lastKnownFileType = text.plist.strings; name = en; path = en.lproj/InfoPlist.strings; sourceTree = "<group>"; };
		50AC38FF19D082EB00FF3997 /* main.m */ = {isa = PBXFileReference; lastKnownFileType = sourcecode.c.objc; path = main.m; sourceTree = "<group>"; };
		50AC390119D082EB00FF3997 /* Me and My BFFs-Prefix.pch */ = {isa = PBXFileReference; lastKnownFileType = sourcecode.c.h; path = "Me and My BFFs-Prefix.pch"; sourceTree = "<group>"; };
		50AC390219D082EB00FF3997 /* MAMB09AppDelegate.h */ = {isa = PBXFileReference; lastKnownFileType = sourcecode.c.h; path = MAMB09AppDelegate.h; sourceTree = "<group>"; };
		50AC390319D082EB00FF3997 /* MAMB09AppDelegate.m */ = {isa = PBXFileReference; lastKnownFileType = sourcecode.c.objc; path = MAMB09AppDelegate.m; sourceTree = "<group>"; };
		50AC390619D082EB00FF3997 /* Base */ = {isa = PBXFileReference; lastKnownFileType = file.storyboard; name = Base; path = Base.lproj/Main.storyboard; sourceTree = "<group>"; };
		50AC390B19D082EB00FF3997 /* Images.xcassets */ = {isa = PBXFileReference; lastKnownFileType = folder.assetcatalog; path = Images.xcassets; sourceTree = "<group>"; };
		50AC391119D082EB00FF3997 /* Me and My BFFsTests.xctest */ = {isa = PBXFileReference; explicitFileType = wrapper.cfbundle; includeInIndex = 0; path = "Me and My BFFsTests.xctest"; sourceTree = BUILT_PRODUCTS_DIR; };
		50AC391219D082EB00FF3997 /* XCTest.framework */ = {isa = PBXFileReference; lastKnownFileType = wrapper.framework; name = XCTest.framework; path = Library/Frameworks/XCTest.framework; sourceTree = DEVELOPER_DIR; };
		50AC391A19D082EB00FF3997 /* Me and My BFFsTests-Info.plist */ = {isa = PBXFileReference; lastKnownFileType = text.plist.xml; path = "Me and My BFFsTests-Info.plist"; sourceTree = "<group>"; };
		50AC391C19D082EB00FF3997 /* en */ = {isa = PBXFileReference; lastKnownFileType = text.plist.strings; name = en; path = en.lproj/InfoPlist.strings; sourceTree = "<group>"; };
		50AC391E19D082EB00FF3997 /* Me_and_My_BFFsTests.m */ = {isa = PBXFileReference; lastKnownFileType = sourcecode.c.objc; path = Me_and_My_BFFsTests.m; sourceTree = "<group>"; };
		50AC392819D0864A00FF3997 /* MAMB09_homeTableViewController.h */ = {isa = PBXFileReference; fileEncoding = 4; lastKnownFileType = sourcecode.c.h; path = MAMB09_homeTableViewController.h; sourceTree = "<group>"; };
		50AC392919D0864A00FF3997 /* MAMB09_homeTableViewController.m */ = {isa = PBXFileReference; fileEncoding = 4; lastKnownFileType = sourcecode.c.objc; path = MAMB09_homeTableViewController.m; sourceTree = "<group>"; };
		50AC392B19D08D3200FF3997 /* MAMB09_selectReportsTableViewController.h */ = {isa = PBXFileReference; fileEncoding = 4; lastKnownFileType = sourcecode.c.h; path = MAMB09_selectReportsTableViewController.h; sourceTree = "<group>"; };
		50AC392C19D08D3200FF3997 /* MAMB09_selectReportsTableViewController.m */ = {isa = PBXFileReference; fileEncoding = 4; lastKnownFileType = sourcecode.c.objc; path = MAMB09_selectReportsTableViewController.m; sourceTree = "<group>"; };
		50C0BA961A2108CE005B79F4 /* futdoc.h */ = {isa = PBXFileReference; fileEncoding = 4; lastKnownFileType = sourcecode.c.h; path = futdoc.h; sourceTree = "<group>"; };
		50C0BA971A2108CE005B79F4 /* grpdoc.h */ = {isa = PBXFileReference; fileEncoding = 4; lastKnownFileType = sourcecode.c.h; path = grpdoc.h; sourceTree = "<group>"; };
		50C0BA981A2108CE005B79F4 /* futdoc.c */ = {isa = PBXFileReference; fileEncoding = 4; lastKnownFileType = sourcecode.c.c; path = futdoc.c; sourceTree = "<group>"; };
		50C0BA991A2108CE005B79F4 /* incocoa.c */ = {isa = PBXFileReference; fileEncoding = 4; lastKnownFileType = sourcecode.c.c; path = incocoa.c; sourceTree = "<group>"; };
		50C0BA9A1A2108CE005B79F4 /* grpdoc.c */ = {isa = PBXFileReference; fileEncoding = 4; lastKnownFileType = sourcecode.c.c; path = grpdoc.c; sourceTree = "<group>"; };
		50C0BA9B1A2108CE005B79F4 /* grphtm.c */ = {isa = PBXFileReference; fileEncoding = 4; lastKnownFileType = sourcecode.c.c; path = grphtm.c; sourceTree = "<group>"; };
		50C0BA9C1A2108CE005B79F4 /* mambutil.c */ = {isa = PBXFileReference; fileEncoding = 4; lastKnownFileType = sourcecode.c.c; path = mambutil.c; sourceTree = "<group>"; };
		50C0BA9D1A2108CE005B79F4 /* futasp.c */ = {isa = PBXFileReference; fileEncoding = 4; lastKnownFileType = sourcecode.c.c; path = futasp.c; sourceTree = "<group>"; };
		50C0BA9E1A2108CE005B79F4 /* futdefs.h */ = {isa = PBXFileReference; fileEncoding = 4; lastKnownFileType = sourcecode.c.h; path = futdefs.h; sourceTree = "<group>"; };
		50C0BA9F1A2108CE005B79F4 /* futhtm.c */ = {isa = PBXFileReference; fileEncoding = 4; lastKnownFileType = sourcecode.c.c; path = futhtm.c; sourceTree = "<group>"; };
		50C0BAA01A2108CE005B79F4 /* futhtm.h */ = {isa = PBXFileReference; fileEncoding = 4; lastKnownFileType = sourcecode.c.h; path = futhtm.h; sourceTree = "<group>"; };
		50C0BAA21A2108CE005B79F4 /* mamblib.h */ = {isa = PBXFileReference; fileEncoding = 4; lastKnownFileType = sourcecode.c.h; path = mamblib.h; sourceTree = "<group>"; };
		50C0BAA31A2108CE005B79F4 /* perdoc.c */ = {isa = PBXFileReference; fileEncoding = 4; lastKnownFileType = sourcecode.c.c; path = perdoc.c; sourceTree = "<group>"; };
		50C0BAA41A2108CE005B79F4 /* perdoc.h */ = {isa = PBXFileReference; fileEncoding = 4; lastKnownFileType = sourcecode.c.h; path = perdoc.h; sourceTree = "<group>"; };
		50C0BAA51A2108CE005B79F4 /* perhtm.c */ = {isa = PBXFileReference; fileEncoding = 4; lastKnownFileType = sourcecode.c.c; path = perhtm.c; sourceTree = "<group>"; };
		50C0BAA61A2108CE005B79F4 /* perhtm.h */ = {isa = PBXFileReference; fileEncoding = 4; lastKnownFileType = sourcecode.c.h; path = perhtm.h; sourceTree = "<group>"; };
		50C0BAA71A2108CE005B79F4 /* rk.h */ = {isa = PBXFileReference; fileEncoding = 4; lastKnownFileType = sourcecode.c.h; path = rk.h; sourceTree = "<group>"; };
		50C0BAA81A2108CE005B79F4 /* rkdebug.c */ = {isa = PBXFileReference; fileEncoding = 4; lastKnownFileType = sourcecode.c.c; path = rkdebug.c; sourceTree = "<group>"; };
		50C0BAA91A2108CE005B79F4 /* rkdebug_externs.h */ = {isa = PBXFileReference; fileEncoding = 4; lastKnownFileType = sourcecode.c.h; path = rkdebug_externs.h; sourceTree = "<group>"; };
		50CC4EB11A1D1592001DD245 /* MAMB09_viewHTMLViewController.h */ = {isa = PBXFileReference; fileEncoding = 4; lastKnownFileType = sourcecode.c.h; name = MAMB09_viewHTMLViewController.h; path = ../MAMB09_viewHTMLViewController.h; sourceTree = "<group>"; };
		50CC4EB21A1D1592001DD245 /* MAMB09_viewHTMLViewController.m */ = {isa = PBXFileReference; fileEncoding = 4; lastKnownFileType = sourcecode.c.objc; name = MAMB09_viewHTMLViewController.m; path = ../MAMB09_viewHTMLViewController.m; sourceTree = "<group>"; };
		50CCBAB81A38D27F0010D201 /* MessageUI.framework */ = {isa = PBXFileReference; lastKnownFileType = wrapper.framework; name = MessageUI.framework; path = System/Library/Frameworks/MessageUI.framework; sourceTree = SDKROOT; };
		50DCAC431A2CDF530018624D /* MAMB09_selPersonViewController.h */ = {isa = PBXFileReference; fileEncoding = 4; lastKnownFileType = sourcecode.c.h; path = MAMB09_selPersonViewController.h; sourceTree = "<group>"; };
		50DCAC441A2CDF530018624D /* MAMB09_selPersonViewController.m */ = {isa = PBXFileReference; fileEncoding = 4; lastKnownFileType = sourcecode.c.objc; path = MAMB09_selPersonViewController.m; sourceTree = "<group>"; };
		50DE03111A27AB1700425BAC /* MAMB09_selYearViewController.h */ = {isa = PBXFileReference; fileEncoding = 4; lastKnownFileType = sourcecode.c.h; path = MAMB09_selYearViewController.h; sourceTree = "<group>"; };
		50DE03121A27AB1700425BAC /* MAMB09_selYearViewController.m */ = {isa = PBXFileReference; fileEncoding = 4; lastKnownFileType = sourcecode.c.objc; path = MAMB09_selYearViewController.m; sourceTree = "<group>"; };
		50E05BF61A2F994100B48107 /* iTunesArtwork */ = {isa = PBXFileReference; lastKnownFileType = file; path = iTunesArtwork; sourceTree = "<group>"; };
		50EB4F701A3552CE001F15C0 /* iTunesArtwork@2x */ = {isa = PBXFileReference; lastKnownFileType = file; path = "iTunesArtwork@2x"; sourceTree = "<group>"; };
		50ED86C61A23BADF003CED81 /* incocoa.h */ = {isa = PBXFileReference; lastKnownFileType = sourcecode.c.h; path = incocoa.h; sourceTree = "<group>"; };
/* End PBXFileReference section */

/* Begin PBXFrameworksBuildPhase section */
		50AC38ED19D082EB00FF3997 /* Frameworks */ = {
			isa = PBXFrameworksBuildPhase;
			buildActionMask = 2147483647;
			files = (
				50CCBAB91A38D27F0010D201 /* MessageUI.framework in Frameworks */,
				50AC38F619D082EB00FF3997 /* CoreGraphics.framework in Frameworks */,
				50AC38F819D082EB00FF3997 /* UIKit.framework in Frameworks */,
				50AC38F419D082EB00FF3997 /* Foundation.framework in Frameworks */,
			);
			runOnlyForDeploymentPostprocessing = 0;
		};
		50AC390E19D082EB00FF3997 /* Frameworks */ = {
			isa = PBXFrameworksBuildPhase;
			buildActionMask = 2147483647;
			files = (
				50AC391319D082EB00FF3997 /* XCTest.framework in Frameworks */,
				50AC391519D082EB00FF3997 /* UIKit.framework in Frameworks */,
				50AC391419D082EB00FF3997 /* Foundation.framework in Frameworks */,
			);
			runOnlyForDeploymentPostprocessing = 0;
		};
/* End PBXFrameworksBuildPhase section */

/* Begin PBXGroup section */
		50AC38E719D082EB00FF3997 = {
			isa = PBXGroup;
			children = (
				50AC38F919D082EB00FF3997 /* Me and My BFFs */,
				50AC391819D082EB00FF3997 /* Me and My BFFsTests */,
				50AC38F219D082EB00FF3997 /* Frameworks */,
				50AC38F119D082EB00FF3997 /* Products */,
			);
			sourceTree = "<group>";
		};
		50AC38F119D082EB00FF3997 /* Products */ = {
			isa = PBXGroup;
			children = (
				50AC38F019D082EB00FF3997 /* Me and My BFFs.app */,
				50AC391119D082EB00FF3997 /* Me and My BFFsTests.xctest */,
			);
			name = Products;
			sourceTree = "<group>";
		};
		50AC38F219D082EB00FF3997 /* Frameworks */ = {
			isa = PBXGroup;
			children = (
				50CCBAB81A38D27F0010D201 /* MessageUI.framework */,
				50AC38F319D082EB00FF3997 /* Foundation.framework */,
				50AC38F519D082EB00FF3997 /* CoreGraphics.framework */,
				50AC38F719D082EB00FF3997 /* UIKit.framework */,
				50AC391219D082EB00FF3997 /* XCTest.framework */,
			);
			name = Frameworks;
			sourceTree = "<group>";
		};
		50AC38F919D082EB00FF3997 /* Me and My BFFs */ = {
			isa = PBXGroup;
			children = (
				50AC390519D082EB00FF3997 /* Main.storyboard */,
				50AC390219D082EB00FF3997 /* MAMB09AppDelegate.h */,
				50AC390319D082EB00FF3997 /* MAMB09AppDelegate.m */,
				50AC390B19D082EB00FF3997 /* Images.xcassets */,
				50E05BF61A2F994100B48107 /* iTunesArtwork */,
				50EB4F701A3552CE001F15C0 /* iTunesArtwork@2x */,
				5004DD381ACC426A0094BA14 /* MAMB09_info_TableViewController.h */,
				5004DD391ACC426A0094BA14 /* MAMB09_info_TableViewController.m */,
				50AC392819D0864A00FF3997 /* MAMB09_homeTableViewController.h */,
				50AC392919D0864A00FF3997 /* MAMB09_homeTableViewController.m */,
				5047342A1CC6D4F10067CEE3 /* MAMB09_selShareEntityTableViewController.h */,
				5047342B1CC6D4F10067CEE3 /* MAMB09_selShareEntityTableViewController.m */,
				504C38DB1CF49777009B6640 /* MAMB09_confirmImportTableViewController.h */,
				504C38DC1CF49777009B6640 /* MAMB09_confirmImportTableViewController.m */,
				5049021C1C3ACDA50031DFC4 /* MAMB09_listMembersTableViewController.h */,
				5049021D1C3ACDA50031DFC4 /* MAMB09_listMembersTableViewController.m */,
				5049021F1C3AFBB20031DFC4 /* MAMB09_selNewMembersTableViewController.h */,
				504902201C3AFBB20031DFC4 /* MAMB09_selNewMembersTableViewController.m */,
				507133401C3EC44F00AE8207 /* MAMB09_deleteMembersTableViewController.h */,
				507133411C3EC44F00AE8207 /* MAMB09_deleteMembersTableViewController.m */,
				50661E621B41F5AA005BDFCC /* MAMB09_addChangeTableViewController.h */,
				50661E631B41F5AA005BDFCC /* MAMB09_addChangeTableViewController.m */,
				50AC392B19D08D3200FF3997 /* MAMB09_selectReportsTableViewController.h */,
				50AC392C19D08D3200FF3997 /* MAMB09_selectReportsTableViewController.m */,
				50DE03111A27AB1700425BAC /* MAMB09_selYearViewController.h */,
				50DE03121A27AB1700425BAC /* MAMB09_selYearViewController.m */,
				50DCAC431A2CDF530018624D /* MAMB09_selPersonViewController.h */,
				50DCAC441A2CDF530018624D /* MAMB09_selPersonViewController.m */,
				5019A6451A87FDBB002408DA /* MAMB09_selDateViewController2.h */,
				5019A6461A87FDBB002408DA /* MAMB09_selDateViewController2.m */,
				50CC4EB11A1D1592001DD245 /* MAMB09_viewHTMLViewController.h */,
				50CC4EB21A1D1592001DD245 /* MAMB09_viewHTMLViewController.m */,
				5055382C1A9F79C5003DC816 /* MAMB09viewTBLRPTs_1_TableViewController.h */,
				5055382D1A9F79C5003DC816 /* MAMB09viewTBLRPTs_1_TableViewController.m */,
				50796A7A1ADC286000360BA4 /* MAMB09_selectReports_B_TableViewController.h */,
				50796A7B1ADC286000360BA4 /* MAMB09_selectReports_B_TableViewController.m */,
				505538321A9FAA6D003DC816 /* MAMB09viewTBLRPTs_2_TableViewController.h */,
				505538331A9FAA6D003DC816 /* MAMB09viewTBLRPTs_2_TableViewController.m */,
				505386561CBAD4BE0092743F /* MAMB09_UITextField_noCopyPaste.h */,
				505386571CBAD4BE0092743F /* MAMB09_UITextField_noCopyPaste.m */,
				50C0BAA21A2108CE005B79F4 /* mamblib.h */,
				50C0BA9D1A2108CE005B79F4 /* futasp.c */,
				50C0BA9E1A2108CE005B79F4 /* futdefs.h */,
				50C0BA981A2108CE005B79F4 /* futdoc.c */,
				50C0BA961A2108CE005B79F4 /* futdoc.h */,
				50C0BA9F1A2108CE005B79F4 /* futhtm.c */,
				50C0BAA01A2108CE005B79F4 /* futhtm.h */,
				50C0BA9A1A2108CE005B79F4 /* grpdoc.c */,
				50C0BA971A2108CE005B79F4 /* grpdoc.h */,
				50C0BA9B1A2108CE005B79F4 /* grphtm.c */,
				5032F7E41B06897800EC964B /* grphtm.h */,
				50C0BA991A2108CE005B79F4 /* incocoa.c */,
				50ED86C61A23BADF003CED81 /* incocoa.h */,
				50C0BA9C1A2108CE005B79F4 /* mambutil.c */,
				50C0BAA31A2108CE005B79F4 /* perdoc.c */,
				50C0BAA41A2108CE005B79F4 /* perdoc.h */,
				50C0BAA51A2108CE005B79F4 /* perhtm.c */,
				50C0BAA61A2108CE005B79F4 /* perhtm.h */,
				50C0BAA71A2108CE005B79F4 /* rk.h */,
				50C0BAA91A2108CE005B79F4 /* rkdebug_externs.h */,
				50C0BAA81A2108CE005B79F4 /* rkdebug.c */,
				50AC38FA19D082EB00FF3997 /* Supporting Files */,
			);
			path = "Me and My BFFs";
			sourceTree = "<group>";
		};
		50AC38FA19D082EB00FF3997 /* Supporting Files */ = {
			isa = PBXGroup;
			children = (
				50AC38FB19D082EB00FF3997 /* Me and My BFFs-Info.plist */,
				503546031A434EEB00FE7853 /* rounded_MAMB09_058.png */,
				50AC38FC19D082EB00FF3997 /* InfoPlist.strings */,
				50AC38FF19D082EB00FF3997 /* main.m */,
				50AC390119D082EB00FF3997 /* Me and My BFFs-Prefix.pch */,
				503545FA1A434EEB00FE7853 /* icon_MAMB09_66x87.png */,
				503545FB1A434EEB00FE7853 /* icon_MAMB09_0320.png */,
				503545FC1A434EEB00FE7853 /* icon_MAMB09_0064.png */,
				503545FD1A434EEB00FE7853 /* icon_MAMB09_22x29.png */,
				503545FE1A434EEB00FE7853 /* icon_MAMB09_1024.png */,
				503545FF1A434EEB00FE7853 /* icon_MAMB09_44x58.png */,
				503546001A434EEB00FE7853 /* icon_MAMB09_432.png */,
				503546011A434EEB00FE7853 /* icon_MAMB09_288.png */,
				503546021A434EEB00FE7853 /* rounded_MAMB09_087.png */,
				504B296D1A4350AB009A6A25 /* rounded_MAMB09_029.png */,
				504B296E1A4350AB009A6A25 /* rounded_MAMB09_144.png */,
				504B296F1A4350AB009A6A25 /* icon_MAMB09_0512.png */,
				504B29711A4350AB009A6A25 /* icon_MAMB09_0228.png */,
				504B29721A4350AB009A6A25 /* icon_MAMB09_0216.png */,
				504B29731A4350AB009A6A25 /* icon_MAMB09_0180.png */,
				504B29741A4350AB009A6A25 /* icon_MAMB09_0171.png */,
				504B29751A4350AB009A6A25 /* icon_MAMB09_0152.png */,
				504B29761A4350AB009A6A25 /* icon_MAMB09_0150.png */,
				504B29771A4350AB009A6A25 /* icon_MAMB09_0120.png */,
				504B29781A4350AB009A6A25 /* icon_MAMB09_0114.png */,
				504B29791A4350AB009A6A25 /* icon_MAMB09_0100.png */,
				504B297A1A4350AB009A6A25 /* icon_MAMB09_0087.png */,
				504B297B1A4350AB009A6A25 /* icon_MAMB09_0080.png */,
				504B297C1A4350AB009A6A25 /* icon_MAMB09_0076.png */,
				504B297D1A4350AB009A6A25 /* icon_MAMB09_0058.png */,
				504B297E1A4350AB009A6A25 /* icon_MAMB09_0057.png */,
				504B297F1A4350AB009A6A25 /* icon_MAMB09_0050.png */,
				504B29801A4350AB009A6A25 /* icon_MAMB09_0040.png */,
				504B29821A4350AB009A6A25 /* icon_MAMB09_0029.png */,
				504B29831A4350AB009A6A25 /* icon_MAMB09_0144.png */,
				504B29841A4350AB009A6A25 /* icon_MAMB09_0072.png */,
			);
			name = "Supporting Files";
			sourceTree = "<group>";
		};
		50AC391819D082EB00FF3997 /* Me and My BFFsTests */ = {
			isa = PBXGroup;
			children = (
				50AC391E19D082EB00FF3997 /* Me_and_My_BFFsTests.m */,
				50AC391919D082EB00FF3997 /* Supporting Files */,
			);
			path = "Me and My BFFsTests";
			sourceTree = "<group>";
		};
		50AC391919D082EB00FF3997 /* Supporting Files */ = {
			isa = PBXGroup;
			children = (
				50AC391A19D082EB00FF3997 /* Me and My BFFsTests-Info.plist */,
				50AC391B19D082EB00FF3997 /* InfoPlist.strings */,
			);
			name = "Supporting Files";
			sourceTree = "<group>";
		};
/* End PBXGroup section */

/* Begin PBXNativeTarget section */
		50AC38EF19D082EB00FF3997 /* Me and My BFFs */ = {
			isa = PBXNativeTarget;
			buildConfigurationList = 50AC392219D082EB00FF3997 /* Build configuration list for PBXNativeTarget "Me and My BFFs" */;
			buildPhases = (
				50AC38EC19D082EB00FF3997 /* Sources */,
				50AC38ED19D082EB00FF3997 /* Frameworks */,
				50AC38EE19D082EB00FF3997 /* Resources */,
			);
			buildRules = (
			);
			dependencies = (
			);
			name = "Me and My BFFs";
			productName = "Me and My BFFs";
			productReference = 50AC38F019D082EB00FF3997 /* Me and My BFFs.app */;
			productType = "com.apple.product-type.application";
		};
		50AC391019D082EB00FF3997 /* Me and My BFFsTests */ = {
			isa = PBXNativeTarget;
			buildConfigurationList = 50AC392519D082EB00FF3997 /* Build configuration list for PBXNativeTarget "Me and My BFFsTests" */;
			buildPhases = (
				50AC390D19D082EB00FF3997 /* Sources */,
				50AC390E19D082EB00FF3997 /* Frameworks */,
				50AC390F19D082EB00FF3997 /* Resources */,
			);
			buildRules = (
			);
			dependencies = (
				50AC391719D082EB00FF3997 /* PBXTargetDependency */,
			);
			name = "Me and My BFFsTests";
			productName = "Me and My BFFsTests";
			productReference = 50AC391119D082EB00FF3997 /* Me and My BFFsTests.xctest */;
			productType = "com.apple.product-type.bundle.unit-test";
		};
/* End PBXNativeTarget section */

/* Begin PBXProject section */
		50AC38E819D082EB00FF3997 /* Project object */ = {
			isa = PBXProject;
			attributes = {
				CLASSPREFIX = MAMB09;
				LastUpgradeCheck = 0700;
				ORGANIZATIONNAME = "Richard Koskela";
				TargetAttributes = {
					50AC38EF19D082EB00FF3997 = {
						DevelopmentTeam = 98H5M7GTT5;
					};
					50AC391019D082EB00FF3997 = {
						TestTargetID = 50AC38EF19D082EB00FF3997;
					};
				};
			};
			buildConfigurationList = 50AC38EB19D082EB00FF3997 /* Build configuration list for PBXProject "Me&myBFFs" */;
			compatibilityVersion = "Xcode 3.2";
			developmentRegion = English;
			hasScannedForEncodings = 0;
			knownRegions = (
				en,
				Base,
			);
			mainGroup = 50AC38E719D082EB00FF3997;
			productRefGroup = 50AC38F119D082EB00FF3997 /* Products */;
			projectDirPath = "";
			projectRoot = "";
			targets = (
				50AC38EF19D082EB00FF3997 /* Me and My BFFs */,
				50AC391019D082EB00FF3997 /* Me and My BFFsTests */,
			);
		};
/* End PBXProject section */

/* Begin PBXResourcesBuildPhase section */
		50AC38EE19D082EB00FF3997 /* Resources */ = {
			isa = PBXResourcesBuildPhase;
			buildActionMask = 2147483647;
			files = (
				5035460A1A434EEB00FE7853 /* icon_MAMB09_432.png in Resources */,
				504B29951A4350AB009A6A25 /* icon_MAMB09_0058.png in Resources */,
				504B298E1A4350AB009A6A25 /* icon_MAMB09_0150.png in Resources */,
				504B29971A4350AB009A6A25 /* icon_MAMB09_0050.png in Resources */,
				504B29901A4350AB009A6A25 /* icon_MAMB09_0114.png in Resources */,
				5035460C1A434EEB00FE7853 /* rounded_MAMB09_087.png in Resources */,
				504B299A1A4350AB009A6A25 /* icon_MAMB09_0029.png in Resources */,
				50E05BF71A2F994100B48107 /* iTunesArtwork in Resources */,
				503546081A434EEB00FE7853 /* icon_MAMB09_1024.png in Resources */,
				504B29871A4350AB009A6A25 /* icon_MAMB09_0512.png in Resources */,
				503546071A434EEB00FE7853 /* icon_MAMB09_22x29.png in Resources */,
				504B299B1A4350AB009A6A25 /* icon_MAMB09_0144.png in Resources */,
				504B29861A4350AB009A6A25 /* rounded_MAMB09_144.png in Resources */,
				504B29911A4350AB009A6A25 /* icon_MAMB09_0100.png in Resources */,
				503546091A434EEB00FE7853 /* icon_MAMB09_44x58.png in Resources */,
				50AC390C19D082EB00FF3997 /* Images.xcassets in Resources */,
				504B299C1A4350AB009A6A25 /* icon_MAMB09_0072.png in Resources */,
				5035460D1A434EEB00FE7853 /* rounded_MAMB09_058.png in Resources */,
				504B29921A4350AB009A6A25 /* icon_MAMB09_0087.png in Resources */,
				504B298B1A4350AB009A6A25 /* icon_MAMB09_0180.png in Resources */,
				5035460B1A434EEB00FE7853 /* icon_MAMB09_288.png in Resources */,
				504B29851A4350AB009A6A25 /* rounded_MAMB09_029.png in Resources */,
				503546051A434EEB00FE7853 /* icon_MAMB09_0320.png in Resources */,
				504B29961A4350AB009A6A25 /* icon_MAMB09_0057.png in Resources */,
				503546041A434EEB00FE7853 /* icon_MAMB09_66x87.png in Resources */,
				50EB4F711A3552CE001F15C0 /* iTunesArtwork@2x in Resources */,
				504B298C1A4350AB009A6A25 /* icon_MAMB09_0171.png in Resources */,
				504B29891A4350AB009A6A25 /* icon_MAMB09_0228.png in Resources */,
				50AC38FE19D082EB00FF3997 /* InfoPlist.strings in Resources */,
				504B298D1A4350AB009A6A25 /* icon_MAMB09_0152.png in Resources */,
				503546061A434EEB00FE7853 /* icon_MAMB09_0064.png in Resources */,
				504B29931A4350AB009A6A25 /* icon_MAMB09_0080.png in Resources */,
				504B29941A4350AB009A6A25 /* icon_MAMB09_0076.png in Resources */,
				504B29981A4350AB009A6A25 /* icon_MAMB09_0040.png in Resources */,
				504B298F1A4350AB009A6A25 /* icon_MAMB09_0120.png in Resources */,
				50AC390719D082EB00FF3997 /* Main.storyboard in Resources */,
				504B298A1A4350AB009A6A25 /* icon_MAMB09_0216.png in Resources */,
			);
			runOnlyForDeploymentPostprocessing = 0;
		};
		50AC390F19D082EB00FF3997 /* Resources */ = {
			isa = PBXResourcesBuildPhase;
			buildActionMask = 2147483647;
			files = (
				50AC391D19D082EB00FF3997 /* InfoPlist.strings in Resources */,
			);
			runOnlyForDeploymentPostprocessing = 0;
		};
/* End PBXResourcesBuildPhase section */

/* Begin PBXSourcesBuildPhase section */
		50AC38EC19D082EB00FF3997 /* Sources */ = {
			isa = PBXSourcesBuildPhase;
			buildActionMask = 2147483647;
			files = (
				505538341A9FAA6D003DC816 /* MAMB09viewTBLRPTs_2_TableViewController.m in Sources */,
				50CC4EB31A1D1592001DD245 /* MAMB09_viewHTMLViewController.m in Sources */,
				50796A7C1ADC286000360BA4 /* MAMB09_selectReports_B_TableViewController.m in Sources */,
				50661E641B41F5AA005BDFCC /* MAMB09_addChangeTableViewController.m in Sources */,
				504C38DD1CF49777009B6640 /* MAMB09_confirmImportTableViewController.m in Sources */,
				50AC390419D082EB00FF3997 /* MAMB09AppDelegate.m in Sources */,
				5047342C1CC6D4F10067CEE3 /* MAMB09_selShareEntityTableViewController.m in Sources */,
				5004DD3A1ACC426A0094BA14 /* MAMB09_info_TableViewController.m in Sources */,
				5055382E1A9F79C5003DC816 /* MAMB09viewTBLRPTs_1_TableViewController.m in Sources */,
				5019A6471A87FDBB002408DA /* MAMB09_selDateViewController2.m in Sources */,
				50AC390019D082EB00FF3997 /* main.m in Sources */,
				50C0BAB21A2108CE005B79F4 /* perhtm.c in Sources */,
				50C0BAAD1A2108CE005B79F4 /* grphtm.c in Sources */,
				5049021E1C3ACDA50031DFC4 /* MAMB09_listMembersTableViewController.m in Sources */,
				505386581CBAD4BE0092743F /* MAMB09_UITextField_noCopyPaste.m in Sources */,
				50C0BAB11A2108CE005B79F4 /* perdoc.c in Sources */,
				50AC392A19D0864A00FF3997 /* MAMB09_homeTableViewController.m in Sources */,
				50C0BAB01A2108CE005B79F4 /* futhtm.c in Sources */,
				50DCAC451A2CDF530018624D /* MAMB09_selPersonViewController.m in Sources */,
				50C0BAAE1A2108CE005B79F4 /* mambutil.c in Sources */,
				50C0BAAA1A2108CE005B79F4 /* futdoc.c in Sources */,
				50C0BAAC1A2108CE005B79F4 /* grpdoc.c in Sources */,
				507133421C3EC44F00AE8207 /* MAMB09_deleteMembersTableViewController.m in Sources */,
				50C0BAAF1A2108CE005B79F4 /* futasp.c in Sources */,
				50AC392D19D08D3200FF3997 /* MAMB09_selectReportsTableViewController.m in Sources */,
				50C0BAAB1A2108CE005B79F4 /* incocoa.c in Sources */,
				504902211C3AFBB20031DFC4 /* MAMB09_selNewMembersTableViewController.m in Sources */,
				50C0BAB31A2108CE005B79F4 /* rkdebug.c in Sources */,
				50DE03131A27AB1700425BAC /* MAMB09_selYearViewController.m in Sources */,
			);
			runOnlyForDeploymentPostprocessing = 0;
		};
		50AC390D19D082EB00FF3997 /* Sources */ = {
			isa = PBXSourcesBuildPhase;
			buildActionMask = 2147483647;
			files = (
				50AC391F19D082EB00FF3997 /* Me_and_My_BFFsTests.m in Sources */,
			);
			runOnlyForDeploymentPostprocessing = 0;
		};
/* End PBXSourcesBuildPhase section */

/* Begin PBXTargetDependency section */
		50AC391719D082EB00FF3997 /* PBXTargetDependency */ = {
			isa = PBXTargetDependency;
			target = 50AC38EF19D082EB00FF3997 /* Me and My BFFs */;
			targetProxy = 50AC391619D082EB00FF3997 /* PBXContainerItemProxy */;
		};
/* End PBXTargetDependency section */

/* Begin PBXVariantGroup section */
		50AC38FC19D082EB00FF3997 /* InfoPlist.strings */ = {
			isa = PBXVariantGroup;
			children = (
				50AC38FD19D082EB00FF3997 /* en */,
			);
			name = InfoPlist.strings;
			sourceTree = "<group>";
		};
		50AC390519D082EB00FF3997 /* Main.storyboard */ = {
			isa = PBXVariantGroup;
			children = (
				50AC390619D082EB00FF3997 /* Base */,
			);
			name = Main.storyboard;
			sourceTree = "<group>";
		};
		50AC391B19D082EB00FF3997 /* InfoPlist.strings */ = {
			isa = PBXVariantGroup;
			children = (
				50AC391C19D082EB00FF3997 /* en */,
			);
			name = InfoPlist.strings;
			sourceTree = "<group>";
		};
/* End PBXVariantGroup section */

/* Begin XCBuildConfiguration section */
		50AC392019D082EB00FF3997 /* Debug */ = {
			isa = XCBuildConfiguration;
			buildSettings = {
				ALWAYS_SEARCH_USER_PATHS = NO;
				CLANG_CXX_LANGUAGE_STANDARD = "gnu++0x";
				CLANG_CXX_LIBRARY = "libc++";
				CLANG_ENABLE_MODULES = YES;
				CLANG_ENABLE_OBJC_ARC = YES;
				CLANG_WARN_BOOL_CONVERSION = YES;
				CLANG_WARN_CONSTANT_CONVERSION = YES;
				CLANG_WARN_DIRECT_OBJC_ISA_USAGE = YES_ERROR;
				CLANG_WARN_EMPTY_BODY = YES;
				CLANG_WARN_ENUM_CONVERSION = YES;
				CLANG_WARN_INT_CONVERSION = YES;
				CLANG_WARN_OBJC_ROOT_CLASS = YES_ERROR;
				CLANG_WARN__DUPLICATE_METHOD_MATCH = YES;
				"CODE_SIGN_IDENTITY[sdk=iphoneos*]" = "iPhone Developer";
				COPY_PHASE_STRIP = NO;
				ENABLE_TESTABILITY = YES;
				GCC_C_LANGUAGE_STANDARD = gnu99;
				GCC_DYNAMIC_NO_PIC = NO;
				GCC_OPTIMIZATION_LEVEL = 0;
				GCC_PREPROCESSOR_DEFINITIONS = (
					"DEBUG=1",
					"$(inherited)",
				);
				GCC_SYMBOLS_PRIVATE_EXTERN = NO;
				GCC_WARN_64_TO_32_BIT_CONVERSION = YES;
				GCC_WARN_ABOUT_RETURN_TYPE = YES_ERROR;
				GCC_WARN_UNDECLARED_SELECTOR = YES;
				GCC_WARN_UNINITIALIZED_AUTOS = YES_AGGRESSIVE;
				GCC_WARN_UNUSED_FUNCTION = YES;
				GCC_WARN_UNUSED_VARIABLE = YES;
				IPHONEOS_DEPLOYMENT_TARGET = 8.0;
				ONLY_ACTIVE_ARCH = YES;
				SDKROOT = iphoneos;
			};
			name = Debug;
		};
		50AC392119D082EB00FF3997 /* Release */ = {
			isa = XCBuildConfiguration;
			buildSettings = {
				ALWAYS_SEARCH_USER_PATHS = NO;
				CLANG_CXX_LANGUAGE_STANDARD = "gnu++0x";
				CLANG_CXX_LIBRARY = "libc++";
				CLANG_ENABLE_MODULES = YES;
				CLANG_ENABLE_OBJC_ARC = YES;
				CLANG_WARN_BOOL_CONVERSION = YES;
				CLANG_WARN_CONSTANT_CONVERSION = YES;
				CLANG_WARN_DIRECT_OBJC_ISA_USAGE = YES_ERROR;
				CLANG_WARN_EMPTY_BODY = YES;
				CLANG_WARN_ENUM_CONVERSION = YES;
				CLANG_WARN_INT_CONVERSION = YES;
				CLANG_WARN_OBJC_ROOT_CLASS = YES_ERROR;
				CLANG_WARN__DUPLICATE_METHOD_MATCH = YES;
				"CODE_SIGN_IDENTITY[sdk=iphoneos*]" = "iPhone Developer";
				COPY_PHASE_STRIP = YES;
				ENABLE_NS_ASSERTIONS = NO;
				GCC_C_LANGUAGE_STANDARD = gnu99;
				GCC_WARN_64_TO_32_BIT_CONVERSION = YES;
				GCC_WARN_ABOUT_RETURN_TYPE = YES_ERROR;
				GCC_WARN_UNDECLARED_SELECTOR = YES;
				GCC_WARN_UNINITIALIZED_AUTOS = YES_AGGRESSIVE;
				GCC_WARN_UNUSED_FUNCTION = YES;
				GCC_WARN_UNUSED_VARIABLE = YES;
				IPHONEOS_DEPLOYMENT_TARGET = 8.0;
				SDKROOT = iphoneos;
				VALIDATE_PRODUCT = YES;
			};
			name = Release;
		};
		50AC392319D082EB00FF3997 /* Debug */ = {
			isa = XCBuildConfiguration;
			buildSettings = {
				ASSETCATALOG_COMPILER_APPICON_NAME = AppIcon;
				ASSETCATALOG_COMPILER_LAUNCHIMAGE_NAME = LaunchImage;
				CODE_SIGN_IDENTITY = "iPhone Developer";
				"CODE_SIGN_IDENTITY[sdk=iphoneos*]" = "iPhone Developer";
				GCC_PRECOMPILE_PREFIX_HEADER = YES;
				GCC_PREFIX_HEADER = "Me and My BFFs/Me and My BFFs-Prefix.pch";
				INFOPLIST_FILE = "Me and My BFFs/Me and My BFFs-Info.plist";
				IPHONEOS_DEPLOYMENT_TARGET = 8.0;
				PRODUCT_BUNDLE_IDENTIFIER = "com.example.${PRODUCT_NAME:rfc1034identifier}";
				PRODUCT_NAME = "$(TARGET_NAME)";
				PROVISIONING_PROFILE = "";
				WRAPPER_EXTENSION = app;
			};
			name = Debug;
		};
		50AC392419D082EB00FF3997 /* Release */ = {
			isa = XCBuildConfiguration;
			buildSettings = {
				ASSETCATALOG_COMPILER_APPICON_NAME = AppIcon;
				ASSETCATALOG_COMPILER_LAUNCHIMAGE_NAME = LaunchImage;
				CODE_SIGN_IDENTITY = "iPhone Developer";
				"CODE_SIGN_IDENTITY[sdk=iphoneos*]" = "iPhone Developer";
				GCC_PRECOMPILE_PREFIX_HEADER = YES;
				GCC_PREFIX_HEADER = "Me and My BFFs/Me and My BFFs-Prefix.pch";
				INFOPLIST_FILE = "Me and My BFFs/Me and My BFFs-Info.plist";
				IPHONEOS_DEPLOYMENT_TARGET = 8.0;
				PRODUCT_BUNDLE_IDENTIFIER = "com.example.${PRODUCT_NAME:rfc1034identifier}";
				PRODUCT_NAME = "$(TARGET_NAME)";
				PROVISIONING_PROFILE = "";
				WRAPPER_EXTENSION = app;
			};
			name = Release;
		};
		50AC392619D082EB00FF3997 /* Debug */ = {
			isa = XCBuildConfiguration;
			buildSettings = {
				BUNDLE_LOADER = "$(BUILT_PRODUCTS_DIR)/Me and My BFFs.app/Me and My BFFs";
				FRAMEWORK_SEARCH_PATHS = (
					"$(SDKROOT)/Developer/Library/Frameworks",
					"$(inherited)",
					"$(DEVELOPER_FRAMEWORKS_DIR)",
				);
				GCC_PRECOMPILE_PREFIX_HEADER = YES;
				GCC_PREFIX_HEADER = "Me and My BFFs/Me and My BFFs-Prefix.pch";
				GCC_PREPROCESSOR_DEFINITIONS = (
					"DEBUG=1",
					"$(inherited)",
				);
				INFOPLIST_FILE = "Me and My BFFsTests/Me and My BFFsTests-Info.plist";
				PRODUCT_BUNDLE_IDENTIFIER = "com.example.${PRODUCT_NAME:rfc1034identifier}";
				PRODUCT_NAME = "$(TARGET_NAME)";
				TEST_HOST = "$(BUNDLE_LOADER)";
				WRAPPER_EXTENSION = xctest;
			};
			name = Debug;
		};
		50AC392719D082EB00FF3997 /* Release */ = {
			isa = XCBuildConfiguration;
			buildSettings = {
				BUNDLE_LOADER = "$(BUILT_PRODUCTS_DIR)/Me and My BFFs.app/Me and My BFFs";
				FRAMEWORK_SEARCH_PATHS = (
					"$(SDKROOT)/Developer/Library/Frameworks",
					"$(inherited)",
					"$(DEVELOPER_FRAMEWORKS_DIR)",
				);
				GCC_PRECOMPILE_PREFIX_HEADER = YES;
				GCC_PREFIX_HEADER = "Me and My BFFs/Me and My BFFs-Prefix.pch";
				INFOPLIST_FILE = "Me and My BFFsTests/Me and My BFFsTests-Info.plist";
				PRODUCT_BUNDLE_IDENTIFIER = "com.example.${PRODUCT_NAME:rfc1034identifier}";
				PRODUCT_NAME = "$(TARGET_NAME)";
				TEST_HOST = "$(BUNDLE_LOADER)";
				WRAPPER_EXTENSION = xctest;
			};
			name = Release;
		};
/* End XCBuildConfiguration section */

/* Begin XCConfigurationList section */
		50AC38EB19D082EB00FF3997 /* Build configuration list for PBXProject "Me&myBFFs" */ = {
			isa = XCConfigurationList;
			buildConfigurations = (
				50AC392019D082EB00FF3997 /* Debug */,
				50AC392119D082EB00FF3997 /* Release */,
			);
			defaultConfigurationIsVisible = 0;
			defaultConfigurationName = Release;
		};
		50AC392219D082EB00FF3997 /* Build configuration list for PBXNativeTarget "Me and My BFFs" */ = {
			isa = XCConfigurationList;
			buildConfigurations = (
				50AC392319D082EB00FF3997 /* Debug */,
				50AC392419D082EB00FF3997 /* Release */,
			);
			defaultConfigurationIsVisible = 0;
			defaultConfigurationName = Release;
		};
		50AC392519D082EB00FF3997 /* Build configuration list for PBXNativeTarget "Me and My BFFsTests" */ = {
			isa = XCConfigurationList;
			buildConfigurations = (
				50AC392619D082EB00FF3997 /* Debug */,
				50AC392719D082EB00FF3997 /* Release */,
			);
			defaultConfigurationIsVisible = 0;
			defaultConfigurationName = Release;
		};
/* End XCConfigurationList section */
	};
	rootObject = 50AC38E819D082EB00FF3997 /* Project object */;
}
